
Microsoft Visual Studio Solution File, Format Version 12.00
# Visual Studio Version 16
VisualStudioVersion = 16.0.29102.190
MinimumVisualStudioVersion = 10.0.40219.1
Project("{FAE04EC0-301F-11D3-BF4B-00C04F79EFBC}") = "ISTC.SecondStage.OOP.ClassObjectInstance", "ISTC.SecondStage.OOP.ClassObjectInstance\ISTC.SecondStage.OOP.ClassObjectInstance.csproj", "{563AFF12-BBCA-4DC8-92B1-72A830DC7F0B}"
EndProject
Project("{FAE04EC0-301F-11D3-BF4B-00C04F79EFBC}") = "ISTC.SecondStage.OOP.Encapsulation", "ISTC.SecondStage.OOP.Encapsulation\ISTC.SecondStage.OOP.Encapsulation.csproj", "{123A42FC-7729-4663-A79C-C495381CC411}"
EndProject
Project("{FAE04EC0-301F-11D3-BF4B-00C04F79EFBC}") = "ISTC.SecondStage.OOP.Encapsulation2", "ISTC.SecondStage.OOP.Encapsulation2\ISTC.SecondStage.OOP.Encapsulation2.csproj", "{3A4779FD-3A0A-4EBF-BD81-94E616002339}"
EndProject
Project("{FAE04EC0-301F-11D3-BF4B-00C04F79EFBC}") = "ISTC.SecondStage.OOP.Inheritance", "ISTC.SecondStage.OOP.Inheritance\ISTC.SecondStage.OOP.Inheritance.csproj", "{0B3C6EA9-645D-4801-8A24-A7F5B929625F}"
EndProject
Project("{FAE04EC0-301F-11D3-BF4B-00C04F79EFBC}") = "ISTC.SecondStage.OOP.Polymorphism", "ISTC.SecondStage.OOP.Polymorphism\ISTC.SecondStage.OOP.Polymorphism.csproj", "{3D322ABC-8368-47DE-BEA7-A227C024BD4E}"
EndProject
Project("{FAE04EC0-301F-11D3-BF4B-00C04F79EFBC}") = "ISTC.SecondStage.OOP.Constructors3", "ISTC.SecondStage.OOP.Constructors3\ISTC.SecondStage.OOP.Constructors3.csproj", "{08D22263-C087-4BC7-9869-C6376DF52D1C}"
EndProject
Project("{FAE04EC0-301F-11D3-BF4B-00C04F79EFBC}") = "ISTC.SecondStage.OOP.ClassLibraryInternal", "ISTC.SecondStage.OOP.ClassLibraryInternal\ISTC.SecondStage.OOP.ClassLibraryInternal.csproj", "{E4F666FF-CCAA-431D-9857-A8F06728E09D}"
EndProject
Project("{FAE04EC0-301F-11D3-BF4B-00C04F79EFBC}") = "ISTC.SecondStage.OOP.Constructors", "ISTC.SecondStage.OOP.Constructors\ISTC.SecondStage.OOP.Constructors.csproj", "{E3DDF076-9AD2-487B-AD91-90409202C939}"
EndProject
Project("{FAE04EC0-301F-11D3-BF4B-00C04F79EFBC}") = "ISTC.SecondStage.OOP.Abstraction", "ISTC.SecondStage.OOP.Abstraction\ISTC.SecondStage.OOP.Abstraction.csproj", "{9C0161C0-3B3A-46BB-BAC3-5C05C0305572}"
EndProject
Project("{FAE04EC0-301F-11D3-BF4B-00C04F79EFBC}") = "ISTC.SecondStage.OOP.Interface", "ISTC.SecondStage.OOP.Interface\ISTC.SecondStage.OOP.Interface.csproj", "{F0EEA7F3-26B3-41E1-83BD-5B5231086D23}"
EndProject
Project("{FAE04EC0-301F-11D3-BF4B-00C04F79EFBC}") = "ISTC.SecondStage.OOP.Structures", "ISTC.SecondStage.OOP.Structures\ISTC.SecondStage.OOP.Structures.csproj", "{8F9330B8-05FF-4329-9B9C-60CC345FB8FE}"
EndProject
Project("{FAE04EC0-301F-11D3-BF4B-00C04F79EFBC}") = "ISTC.SecondStage.OOP.Enums", "ISTC.SecondStage.OOP.Enums\ISTC.SecondStage.OOP.Enums.csproj", "{CDF3B04A-CAD3-4763-879A-9F34BAB1A058}"
EndProject
Project("{FAE04EC0-301F-11D3-BF4B-00C04F79EFBC}") = "ISTC.SecondStage.OOP.BoxingUnboxing", "ISTC.SecondStage.OOP.BoxingUnboxing\ISTC.SecondStage.OOP.BoxingUnboxing.csproj", "{8E33856D-CB0B-4637-9D25-97FE112726FE}"
EndProject
Project("{FAE04EC0-301F-11D3-BF4B-00C04F79EFBC}") = "ISTC.SecondStage.OOP.Thread", "ISTC.SecondStage.OOP.Thread\ISTC.SecondStage.OOP.Thread.csproj", "{61E3AE64-86E4-4C5E-B560-C1B6B79D83D0}"
EndProject
Project("{FAE04EC0-301F-11D3-BF4B-00C04F79EFBC}") = "ISTC.SecondStage.OOP.Delegate", "ISTC.SecondStage.OOP.Delegate\ISTC.SecondStage.OOP.Delegate.csproj", "{3DD299F1-67C4-4F7E-86D2-3C8668B8DFAF}"
EndProject
Project("{FAE04EC0-301F-11D3-BF4B-00C04F79EFBC}") = "ISTC.SecondStage.OOP.UsingDelegates", "ISTC.SecondStage.OOP.UsingDelegates\ISTC.SecondStage.OOP.UsingDelegates.csproj", "{51E046D7-672B-4959-97C1-272204A0327F}"
EndProject
Project("{FAE04EC0-301F-11D3-BF4B-00C04F79EFBC}") = "ISTC.SecondStage.OOP.Lambda", "ISTC.SecondStage.OOP.Lambada\ISTC.SecondStage.OOP.Lambda.csproj", "{E1806036-52C8-461F-8A70-ADD1262270DB}"
EndProject
Project("{FAE04EC0-301F-11D3-BF4B-00C04F79EFBC}") = "ISTC.SecondStage.OOP.Events", "ISTC.SecondStage.OOP.Events\ISTC.SecondStage.OOP.Events.csproj", "{AE9BED33-5032-4268-9DFB-EB4324D15024}"
EndProject
Project("{FAE04EC0-301F-11D3-BF4B-00C04F79EFBC}") = "ISTC.SecondStage.OOP.Event.WPF", "ISTC.SecondStage.OOP.Event.WPF\ISTC.SecondStage.OOP.Event.WPF.csproj", "{68BEF35F-C91B-4FC9-94D7-BCA91FE161AB}"
EndProject
Project("{FAE04EC0-301F-11D3-BF4B-00C04F79EFBC}") = "ISTC.SecondStage.OOP.ExceptionHandling", "ISTC.SecondStage.OOP.ExceptionHandling\ISTC.SecondStage.OOP.ExceptionHandling.csproj", "{1A35B6F3-D9BD-48D2-9FE9-CFD3108DFB2F}"
EndProject
Project("{FAE04EC0-301F-11D3-BF4B-00C04F79EFBC}") = "ISTC.SecondStage.OOP.ExceptionHandling2", "ISTC.SecondStage.OOP.ExceptionHandling2\ISTC.SecondStage.OOP.ExceptionHandling2.csproj", "{17D678AF-146C-4AE0-8F51-231DDAD7BFD9}"
EndProject
Project("{FAE04EC0-301F-11D3-BF4B-00C04F79EFBC}") = "ISTC.SecondStage.OOP.ExceptionHandling3", "ISTC.SecondStage.OOP.ExceptionHandling3\ISTC.SecondStage.OOP.ExceptionHandling3.csproj", "{FF86FEAE-9A52-4C39-B2F5-235BC169C2B1}"
EndProject
Project("{FAE04EC0-301F-11D3-BF4B-00C04F79EFBC}") = "ISTC.SecondStage.OOP.Generics01", "ISTC.SecondStage.OOP.Generics01\ISTC.SecondStage.OOP.Generics01.csproj", "{5B6D8EA7-299A-454E-9E39-89330BF1C9EE}"
EndProject
Project("{FAE04EC0-301F-11D3-BF4B-00C04F79EFBC}") = "ISTC.SecondStage.OOP.RefOut", "ISTC.SecondStage.OOP.RefOut\ISTC.SecondStage.OOP.RefOut.csproj", "{A5C4CEEB-2F76-4976-92BC-8133B0AC9503}"
EndProject
Project("{FAE04EC0-301F-11D3-BF4B-00C04F79EFBC}") = "ISTC.SecondStage.OOP.TryOut", "ISTC.SecondStage.OOP.TryOut\ISTC.SecondStage.OOP.TryOut.csproj", "{97809126-8E64-482F-A11F-3EA8098CA404}"
EndProject
Project("{FAE04EC0-301F-11D3-BF4B-00C04F79EFBC}") = "ISTC.SecondStage.OOP.Generics02", "ISTC.SecondStage.OOP.Generics02\ISTC.SecondStage.OOP.Generics02.csproj", "{C4CCC0AA-6621-4D2D-94DD-A1AB5C47020D}"
EndProject
Project("{FAE04EC0-301F-11D3-BF4B-00C04F79EFBC}") = "ISTC.SecondStage.OOP.Generics03", "ISTC.SecondStage.OOP.Generics03\ISTC.SecondStage.OOP.Generics03.csproj", "{0F8D5DDB-F185-40C3-8A41-1686751D50C7}"
EndProject
Project("{FAE04EC0-301F-11D3-BF4B-00C04F79EFBC}") = "ISTC.SecondStage.OOP.Nullable", "ISTC.SecondStage.OOP.Nullable\ISTC.SecondStage.OOP.Nullable.csproj", "{F3E6E6BF-B298-4EC2-9079-B3121D15DF30}"
EndProject
Project("{FAE04EC0-301F-11D3-BF4B-00C04F79EFBC}") = "ISTC.SecondStage.OOP.TryCatch", "ISTC.SecondStage.OOP.TryCatch\ISTC.SecondStage.OOP.TryCatch.csproj", "{4E81425D-219B-4E94-97B7-7B394669EA23}"
EndProject
Project("{FAE04EC0-301F-11D3-BF4B-00C04F79EFBC}") = "ISTC.SecondStage.OOP.Nullable02", "ISTC.SecondStage.OOP.Nullable02\ISTC.SecondStage.OOP.Nullable02.csproj", "{714D7877-1C3A-4E4E-B3AC-291FE11E6358}"
EndProject
Project("{FAE04EC0-301F-11D3-BF4B-00C04F79EFBC}") = "ISTC.SecondStage.OOP.Nullable03", "ISTC.SecondStage.OOP.Nullable03\ISTC.SecondStage.OOP.Nullable03.csproj", "{CC94EFC4-22BA-49C7-B4D6-2B1C9E9DDD83}"
EndProject
Project("{FAE04EC0-301F-11D3-BF4B-00C04F79EFBC}") = "ISTC.SecondStage.OOP.LINQ01", "ISTC.SecondStage.OOP.LINQ01\ISTC.SecondStage.OOP.LINQ01.csproj", "{96C0630A-F493-49D9-AD1E-378746A06D5B}"
EndProject
Project("{FAE04EC0-301F-11D3-BF4B-00C04F79EFBC}") = "ISTC.SecondStage.OOP.LINQ02", "ISTC.SecondStage.OOP.LINQ02\ISTC.SecondStage.OOP.LINQ02.csproj", "{78AA52F8-44D5-400D-BF43-FF5C9EA02FAE}"
EndProject
Project("{FAE04EC0-301F-11D3-BF4B-00C04F79EFBC}") = "ISTC.SecondStage.OOP.LINQ03", "ISTC.SecondStage.OOP.LINQ03\ISTC.SecondStage.OOP.LINQ03.csproj", "{3D07C208-F7C4-42B1-BE25-2089A7601B0A}"
EndProject
Project("{FAE04EC0-301F-11D3-BF4B-00C04F79EFBC}") = "ISTC.SecondStage.OOP.Operator01", "ISTC.SecondStage.OOP.Operator01\ISTC.SecondStage.OOP.Operator01.csproj", "{C415A2E7-3A0B-4B49-A855-AD10C7B3167A}"
EndProject
Project("{FAE04EC0-301F-11D3-BF4B-00C04F79EFBC}") = "ISTC.SecondStage.OOP.Extension01", "ISTC.SecondStage.OOP.Extension01\ISTC.SecondStage.OOP.Extension01.csproj", "{83B14440-9333-4E58-A37F-346B66F83C8A}"
EndProject
Project("{FAE04EC0-301F-11D3-BF4B-00C04F79EFBC}") = "ISTC.SecondStage.OOP.Extension02", "ISTC.SecondStage.OOP.Extension02\ISTC.SecondStage.OOP.Extension02.csproj", "{65272A2A-97FC-435D-90F9-A7E6BC8CEBF5}"
EndProject
Project("{FAE04EC0-301F-11D3-BF4B-00C04F79EFBC}") = "ISTC.SecondStage.OOP.Indexer01", "ISTC.SecondStage.OOP.Indexer01\ISTC.SecondStage.OOP.Indexer01.csproj", "{50A3ED68-B9E7-415B-ACA0-229BD7A6F3B5}"
EndProject
Project("{FAE04EC0-301F-11D3-BF4B-00C04F79EFBC}") = "ISTC.SecondStage.OOP.Indexer02", "ISTC.SecondStage.OOP.Indexer02\ISTC.SecondStage.OOP.Indexer02.csproj", "{471F011B-D585-4D78-8755-A3CB295333CF}"
EndProject
Project("{FAE04EC0-301F-11D3-BF4B-00C04F79EFBC}") = "ISTC.SecondStage.OOP.Inheritance.Example", "ISTC.SecondStage.OOP.Inheritance.Example\ISTC.SecondStage.OOP.Inheritance.Example.csproj", "{59A428DD-E91D-4C61-BED8-714C62BE2037}"
EndProject
Project("{F184B08F-C81C-45F6-A57F-5ABD9991F28F}") = "Vb.lib", "Vb.lib\Vb.lib.vbproj", "{897FFBF1-1DC0-424F-B15C-D5E08189E5F1}"
EndProject
Project("{FAE04EC0-301F-11D3-BF4B-00C04F79EFBC}") = "ISTC.SecondStage.OOP.Abstraction2", "ISTC.SecondStage.OOP.Abstraction2\ISTC.SecondStage.OOP.Abstraction2.csproj", "{AD392D5D-219D-44C8-9EDB-FA8893E5E48B}"
EndProject
Project("{FAE04EC0-301F-11D3-BF4B-00C04F79EFBC}") = "ISTC.SEcondStage.CS32", "ISTC.SEcondStage.CS32\ISTC.SEcondStage.CS32.csproj", "{F12ABD5F-6801-4597-9730-E8E37FE20558}"
EndProject
Project("{FAE04EC0-301F-11D3-BF4B-00C04F79EFBC}") = "ISTC.SecondStage.OOP.Object", "ISTC.SecondStage.OOP.Object\ISTC.SecondStage.OOP.Object.csproj", "{01C3E820-EC7C-43DF-A565-7F0DA3088705}"
EndProject
Project("{FAE04EC0-301F-11D3-BF4B-00C04F79EFBC}") = "ISTC.SecondStage.OOP.Exception.SOE", "ISTC.SecondStage.OOP.Exception.SOE\ISTC.SecondStage.OOP.Exception.SOE.csproj", "{8DB87200-E1FB-47EE-AC7E-465466D231EB}"
EndProject
Project("{FAE04EC0-301F-11D3-BF4B-00C04F79EFBC}") = "ISTC.SecondStage.OOP.Delegate02", "ISTC.SecondStage.OOP.Delegate02\ISTC.SecondStage.OOP.Delegate02.csproj", "{2DBE6A3F-4629-4991-B4F2-2D2CF1D34405}"
EndProject
Project("{FAE04EC0-301F-11D3-BF4B-00C04F79EFBC}") = "ISTC.SecondStage.OOP.Anonymous", "ISTC.SecondStage.OOP.Anonymous\ISTC.SecondStage.OOP.Anonymous.csproj", "{53201507-CB35-4099-88FF-27561245993F}"
EndProject
Project("{FAE04EC0-301F-11D3-BF4B-00C04F79EFBC}") = "ISTC.SecondStage.OOP.Generics04", "ISTC.SecondStage.OOP.Generics04\ISTC.SecondStage.OOP.Generics04.csproj", "{EE285A2F-DE92-4701-B83B-D2421A228BDD}"
EndProject
Global
	GlobalSection(SolutionConfigurationPlatforms) = preSolution
		Debug|Any CPU = Debug|Any CPU
		Release|Any CPU = Release|Any CPU
	EndGlobalSection
	GlobalSection(ProjectConfigurationPlatforms) = postSolution
		{563AFF12-BBCA-4DC8-92B1-72A830DC7F0B}.Debug|Any CPU.ActiveCfg = Debug|Any CPU
		{563AFF12-BBCA-4DC8-92B1-72A830DC7F0B}.Debug|Any CPU.Build.0 = Debug|Any CPU
		{563AFF12-BBCA-4DC8-92B1-72A830DC7F0B}.Release|Any CPU.ActiveCfg = Release|Any CPU
		{563AFF12-BBCA-4DC8-92B1-72A830DC7F0B}.Release|Any CPU.Build.0 = Release|Any CPU
		{123A42FC-7729-4663-A79C-C495381CC411}.Debug|Any CPU.ActiveCfg = Debug|Any CPU
		{123A42FC-7729-4663-A79C-C495381CC411}.Debug|Any CPU.Build.0 = Debug|Any CPU
		{123A42FC-7729-4663-A79C-C495381CC411}.Release|Any CPU.ActiveCfg = Release|Any CPU
		{123A42FC-7729-4663-A79C-C495381CC411}.Release|Any CPU.Build.0 = Release|Any CPU
		{3A4779FD-3A0A-4EBF-BD81-94E616002339}.Debug|Any CPU.ActiveCfg = Debug|Any CPU
		{3A4779FD-3A0A-4EBF-BD81-94E616002339}.Debug|Any CPU.Build.0 = Debug|Any CPU
		{3A4779FD-3A0A-4EBF-BD81-94E616002339}.Release|Any CPU.ActiveCfg = Release|Any CPU
		{3A4779FD-3A0A-4EBF-BD81-94E616002339}.Release|Any CPU.Build.0 = Release|Any CPU
		{0B3C6EA9-645D-4801-8A24-A7F5B929625F}.Debug|Any CPU.ActiveCfg = Debug|Any CPU
		{0B3C6EA9-645D-4801-8A24-A7F5B929625F}.Debug|Any CPU.Build.0 = Debug|Any CPU
		{0B3C6EA9-645D-4801-8A24-A7F5B929625F}.Release|Any CPU.ActiveCfg = Release|Any CPU
		{0B3C6EA9-645D-4801-8A24-A7F5B929625F}.Release|Any CPU.Build.0 = Release|Any CPU
		{3D322ABC-8368-47DE-BEA7-A227C024BD4E}.Debug|Any CPU.ActiveCfg = Debug|Any CPU
		{3D322ABC-8368-47DE-BEA7-A227C024BD4E}.Debug|Any CPU.Build.0 = Debug|Any CPU
		{3D322ABC-8368-47DE-BEA7-A227C024BD4E}.Release|Any CPU.ActiveCfg = Release|Any CPU
		{3D322ABC-8368-47DE-BEA7-A227C024BD4E}.Release|Any CPU.Build.0 = Release|Any CPU
		{08D22263-C087-4BC7-9869-C6376DF52D1C}.Debug|Any CPU.ActiveCfg = Debug|Any CPU
		{08D22263-C087-4BC7-9869-C6376DF52D1C}.Debug|Any CPU.Build.0 = Debug|Any CPU
		{08D22263-C087-4BC7-9869-C6376DF52D1C}.Release|Any CPU.ActiveCfg = Release|Any CPU
		{08D22263-C087-4BC7-9869-C6376DF52D1C}.Release|Any CPU.Build.0 = Release|Any CPU
		{E4F666FF-CCAA-431D-9857-A8F06728E09D}.Debug|Any CPU.ActiveCfg = Debug|Any CPU
		{E4F666FF-CCAA-431D-9857-A8F06728E09D}.Debug|Any CPU.Build.0 = Debug|Any CPU
		{E4F666FF-CCAA-431D-9857-A8F06728E09D}.Release|Any CPU.ActiveCfg = Release|Any CPU
		{E4F666FF-CCAA-431D-9857-A8F06728E09D}.Release|Any CPU.Build.0 = Release|Any CPU
		{E3DDF076-9AD2-487B-AD91-90409202C939}.Debug|Any CPU.ActiveCfg = Debug|Any CPU
		{E3DDF076-9AD2-487B-AD91-90409202C939}.Debug|Any CPU.Build.0 = Debug|Any CPU
		{E3DDF076-9AD2-487B-AD91-90409202C939}.Release|Any CPU.ActiveCfg = Release|Any CPU
		{E3DDF076-9AD2-487B-AD91-90409202C939}.Release|Any CPU.Build.0 = Release|Any CPU
		{9C0161C0-3B3A-46BB-BAC3-5C05C0305572}.Debug|Any CPU.ActiveCfg = Debug|Any CPU
		{9C0161C0-3B3A-46BB-BAC3-5C05C0305572}.Debug|Any CPU.Build.0 = Debug|Any CPU
		{9C0161C0-3B3A-46BB-BAC3-5C05C0305572}.Release|Any CPU.ActiveCfg = Release|Any CPU
		{9C0161C0-3B3A-46BB-BAC3-5C05C0305572}.Release|Any CPU.Build.0 = Release|Any CPU
		{F0EEA7F3-26B3-41E1-83BD-5B5231086D23}.Debug|Any CPU.ActiveCfg = Debug|Any CPU
		{F0EEA7F3-26B3-41E1-83BD-5B5231086D23}.Debug|Any CPU.Build.0 = Debug|Any CPU
		{F0EEA7F3-26B3-41E1-83BD-5B5231086D23}.Release|Any CPU.ActiveCfg = Release|Any CPU
		{F0EEA7F3-26B3-41E1-83BD-5B5231086D23}.Release|Any CPU.Build.0 = Release|Any CPU
		{8F9330B8-05FF-4329-9B9C-60CC345FB8FE}.Debug|Any CPU.ActiveCfg = Debug|Any CPU
		{8F9330B8-05FF-4329-9B9C-60CC345FB8FE}.Debug|Any CPU.Build.0 = Debug|Any CPU
		{8F9330B8-05FF-4329-9B9C-60CC345FB8FE}.Release|Any CPU.ActiveCfg = Release|Any CPU
		{8F9330B8-05FF-4329-9B9C-60CC345FB8FE}.Release|Any CPU.Build.0 = Release|Any CPU
		{CDF3B04A-CAD3-4763-879A-9F34BAB1A058}.Debug|Any CPU.ActiveCfg = Debug|Any CPU
		{CDF3B04A-CAD3-4763-879A-9F34BAB1A058}.Debug|Any CPU.Build.0 = Debug|Any CPU
		{CDF3B04A-CAD3-4763-879A-9F34BAB1A058}.Release|Any CPU.ActiveCfg = Release|Any CPU
		{CDF3B04A-CAD3-4763-879A-9F34BAB1A058}.Release|Any CPU.Build.0 = Release|Any CPU
		{8E33856D-CB0B-4637-9D25-97FE112726FE}.Debug|Any CPU.ActiveCfg = Debug|Any CPU
		{8E33856D-CB0B-4637-9D25-97FE112726FE}.Debug|Any CPU.Build.0 = Debug|Any CPU
		{8E33856D-CB0B-4637-9D25-97FE112726FE}.Release|Any CPU.ActiveCfg = Release|Any CPU
		{8E33856D-CB0B-4637-9D25-97FE112726FE}.Release|Any CPU.Build.0 = Release|Any CPU
		{61E3AE64-86E4-4C5E-B560-C1B6B79D83D0}.Debug|Any CPU.ActiveCfg = Debug|Any CPU
		{61E3AE64-86E4-4C5E-B560-C1B6B79D83D0}.Debug|Any CPU.Build.0 = Debug|Any CPU
		{61E3AE64-86E4-4C5E-B560-C1B6B79D83D0}.Release|Any CPU.ActiveCfg = Release|Any CPU
		{61E3AE64-86E4-4C5E-B560-C1B6B79D83D0}.Release|Any CPU.Build.0 = Release|Any CPU
		{3DD299F1-67C4-4F7E-86D2-3C8668B8DFAF}.Debug|Any CPU.ActiveCfg = Debug|Any CPU
		{3DD299F1-67C4-4F7E-86D2-3C8668B8DFAF}.Debug|Any CPU.Build.0 = Debug|Any CPU
		{3DD299F1-67C4-4F7E-86D2-3C8668B8DFAF}.Release|Any CPU.ActiveCfg = Release|Any CPU
		{3DD299F1-67C4-4F7E-86D2-3C8668B8DFAF}.Release|Any CPU.Build.0 = Release|Any CPU
		{51E046D7-672B-4959-97C1-272204A0327F}.Debug|Any CPU.ActiveCfg = Debug|Any CPU
		{51E046D7-672B-4959-97C1-272204A0327F}.Debug|Any CPU.Build.0 = Debug|Any CPU
		{51E046D7-672B-4959-97C1-272204A0327F}.Release|Any CPU.ActiveCfg = Release|Any CPU
		{51E046D7-672B-4959-97C1-272204A0327F}.Release|Any CPU.Build.0 = Release|Any CPU
		{E1806036-52C8-461F-8A70-ADD1262270DB}.Debug|Any CPU.ActiveCfg = Debug|Any CPU
		{E1806036-52C8-461F-8A70-ADD1262270DB}.Debug|Any CPU.Build.0 = Debug|Any CPU
		{E1806036-52C8-461F-8A70-ADD1262270DB}.Release|Any CPU.ActiveCfg = Release|Any CPU
		{E1806036-52C8-461F-8A70-ADD1262270DB}.Release|Any CPU.Build.0 = Release|Any CPU
		{AE9BED33-5032-4268-9DFB-EB4324D15024}.Debug|Any CPU.ActiveCfg = Debug|Any CPU
		{AE9BED33-5032-4268-9DFB-EB4324D15024}.Debug|Any CPU.Build.0 = Debug|Any CPU
		{AE9BED33-5032-4268-9DFB-EB4324D15024}.Release|Any CPU.ActiveCfg = Release|Any CPU
		{AE9BED33-5032-4268-9DFB-EB4324D15024}.Release|Any CPU.Build.0 = Release|Any CPU
		{68BEF35F-C91B-4FC9-94D7-BCA91FE161AB}.Debug|Any CPU.ActiveCfg = Debug|Any CPU
		{68BEF35F-C91B-4FC9-94D7-BCA91FE161AB}.Debug|Any CPU.Build.0 = Debug|Any CPU
		{68BEF35F-C91B-4FC9-94D7-BCA91FE161AB}.Release|Any CPU.ActiveCfg = Release|Any CPU
		{68BEF35F-C91B-4FC9-94D7-BCA91FE161AB}.Release|Any CPU.Build.0 = Release|Any CPU
		{1A35B6F3-D9BD-48D2-9FE9-CFD3108DFB2F}.Debug|Any CPU.ActiveCfg = Debug|Any CPU
		{1A35B6F3-D9BD-48D2-9FE9-CFD3108DFB2F}.Debug|Any CPU.Build.0 = Debug|Any CPU
		{1A35B6F3-D9BD-48D2-9FE9-CFD3108DFB2F}.Release|Any CPU.ActiveCfg = Release|Any CPU
		{1A35B6F3-D9BD-48D2-9FE9-CFD3108DFB2F}.Release|Any CPU.Build.0 = Release|Any CPU
		{17D678AF-146C-4AE0-8F51-231DDAD7BFD9}.Debug|Any CPU.ActiveCfg = Debug|Any CPU
		{17D678AF-146C-4AE0-8F51-231DDAD7BFD9}.Debug|Any CPU.Build.0 = Debug|Any CPU
		{17D678AF-146C-4AE0-8F51-231DDAD7BFD9}.Release|Any CPU.ActiveCfg = Release|Any CPU
		{17D678AF-146C-4AE0-8F51-231DDAD7BFD9}.Release|Any CPU.Build.0 = Release|Any CPU
		{FF86FEAE-9A52-4C39-B2F5-235BC169C2B1}.Debug|Any CPU.ActiveCfg = Debug|Any CPU
		{FF86FEAE-9A52-4C39-B2F5-235BC169C2B1}.Debug|Any CPU.Build.0 = Debug|Any CPU
		{FF86FEAE-9A52-4C39-B2F5-235BC169C2B1}.Release|Any CPU.ActiveCfg = Release|Any CPU
		{FF86FEAE-9A52-4C39-B2F5-235BC169C2B1}.Release|Any CPU.Build.0 = Release|Any CPU
		{5B6D8EA7-299A-454E-9E39-89330BF1C9EE}.Debug|Any CPU.ActiveCfg = Debug|Any CPU
		{5B6D8EA7-299A-454E-9E39-89330BF1C9EE}.Debug|Any CPU.Build.0 = Debug|Any CPU
		{5B6D8EA7-299A-454E-9E39-89330BF1C9EE}.Release|Any CPU.ActiveCfg = Release|Any CPU
		{5B6D8EA7-299A-454E-9E39-89330BF1C9EE}.Release|Any CPU.Build.0 = Release|Any CPU
		{A5C4CEEB-2F76-4976-92BC-8133B0AC9503}.Debug|Any CPU.ActiveCfg = Debug|Any CPU
		{A5C4CEEB-2F76-4976-92BC-8133B0AC9503}.Debug|Any CPU.Build.0 = Debug|Any CPU
		{A5C4CEEB-2F76-4976-92BC-8133B0AC9503}.Release|Any CPU.ActiveCfg = Release|Any CPU
		{A5C4CEEB-2F76-4976-92BC-8133B0AC9503}.Release|Any CPU.Build.0 = Release|Any CPU
		{97809126-8E64-482F-A11F-3EA8098CA404}.Debug|Any CPU.ActiveCfg = Debug|Any CPU
		{97809126-8E64-482F-A11F-3EA8098CA404}.Debug|Any CPU.Build.0 = Debug|Any CPU
		{97809126-8E64-482F-A11F-3EA8098CA404}.Release|Any CPU.ActiveCfg = Release|Any CPU
		{97809126-8E64-482F-A11F-3EA8098CA404}.Release|Any CPU.Build.0 = Release|Any CPU
		{C4CCC0AA-6621-4D2D-94DD-A1AB5C47020D}.Debug|Any CPU.ActiveCfg = Debug|Any CPU
		{C4CCC0AA-6621-4D2D-94DD-A1AB5C47020D}.Debug|Any CPU.Build.0 = Debug|Any CPU
		{C4CCC0AA-6621-4D2D-94DD-A1AB5C47020D}.Release|Any CPU.ActiveCfg = Release|Any CPU
		{C4CCC0AA-6621-4D2D-94DD-A1AB5C47020D}.Release|Any CPU.Build.0 = Release|Any CPU
		{0F8D5DDB-F185-40C3-8A41-1686751D50C7}.Debug|Any CPU.ActiveCfg = Debug|Any CPU
		{0F8D5DDB-F185-40C3-8A41-1686751D50C7}.Debug|Any CPU.Build.0 = Debug|Any CPU
		{0F8D5DDB-F185-40C3-8A41-1686751D50C7}.Release|Any CPU.ActiveCfg = Release|Any CPU
		{0F8D5DDB-F185-40C3-8A41-1686751D50C7}.Release|Any CPU.Build.0 = Release|Any CPU
		{F3E6E6BF-B298-4EC2-9079-B3121D15DF30}.Debug|Any CPU.ActiveCfg = Debug|Any CPU
		{F3E6E6BF-B298-4EC2-9079-B3121D15DF30}.Debug|Any CPU.Build.0 = Debug|Any CPU
		{F3E6E6BF-B298-4EC2-9079-B3121D15DF30}.Release|Any CPU.ActiveCfg = Release|Any CPU
		{F3E6E6BF-B298-4EC2-9079-B3121D15DF30}.Release|Any CPU.Build.0 = Release|Any CPU
		{4E81425D-219B-4E94-97B7-7B394669EA23}.Debug|Any CPU.ActiveCfg = Debug|Any CPU
		{4E81425D-219B-4E94-97B7-7B394669EA23}.Debug|Any CPU.Build.0 = Debug|Any CPU
		{4E81425D-219B-4E94-97B7-7B394669EA23}.Release|Any CPU.ActiveCfg = Release|Any CPU
		{4E81425D-219B-4E94-97B7-7B394669EA23}.Release|Any CPU.Build.0 = Release|Any CPU
		{714D7877-1C3A-4E4E-B3AC-291FE11E6358}.Debug|Any CPU.ActiveCfg = Debug|Any CPU
		{714D7877-1C3A-4E4E-B3AC-291FE11E6358}.Debug|Any CPU.Build.0 = Debug|Any CPU
		{714D7877-1C3A-4E4E-B3AC-291FE11E6358}.Release|Any CPU.ActiveCfg = Release|Any CPU
		{714D7877-1C3A-4E4E-B3AC-291FE11E6358}.Release|Any CPU.Build.0 = Release|Any CPU
		{CC94EFC4-22BA-49C7-B4D6-2B1C9E9DDD83}.Debug|Any CPU.ActiveCfg = Debug|Any CPU
		{CC94EFC4-22BA-49C7-B4D6-2B1C9E9DDD83}.Debug|Any CPU.Build.0 = Debug|Any CPU
		{CC94EFC4-22BA-49C7-B4D6-2B1C9E9DDD83}.Release|Any CPU.ActiveCfg = Release|Any CPU
		{CC94EFC4-22BA-49C7-B4D6-2B1C9E9DDD83}.Release|Any CPU.Build.0 = Release|Any CPU
		{96C0630A-F493-49D9-AD1E-378746A06D5B}.Debug|Any CPU.ActiveCfg = Debug|Any CPU
		{96C0630A-F493-49D9-AD1E-378746A06D5B}.Debug|Any CPU.Build.0 = Debug|Any CPU
		{96C0630A-F493-49D9-AD1E-378746A06D5B}.Release|Any CPU.ActiveCfg = Release|Any CPU
		{96C0630A-F493-49D9-AD1E-378746A06D5B}.Release|Any CPU.Build.0 = Release|Any CPU
		{78AA52F8-44D5-400D-BF43-FF5C9EA02FAE}.Debug|Any CPU.ActiveCfg = Debug|Any CPU
		{78AA52F8-44D5-400D-BF43-FF5C9EA02FAE}.Debug|Any CPU.Build.0 = Debug|Any CPU
		{78AA52F8-44D5-400D-BF43-FF5C9EA02FAE}.Release|Any CPU.ActiveCfg = Release|Any CPU
		{78AA52F8-44D5-400D-BF43-FF5C9EA02FAE}.Release|Any CPU.Build.0 = Release|Any CPU
		{3D07C208-F7C4-42B1-BE25-2089A7601B0A}.Debug|Any CPU.ActiveCfg = Debug|Any CPU
		{3D07C208-F7C4-42B1-BE25-2089A7601B0A}.Debug|Any CPU.Build.0 = Debug|Any CPU
		{3D07C208-F7C4-42B1-BE25-2089A7601B0A}.Release|Any CPU.ActiveCfg = Release|Any CPU
		{3D07C208-F7C4-42B1-BE25-2089A7601B0A}.Release|Any CPU.Build.0 = Release|Any CPU
		{C415A2E7-3A0B-4B49-A855-AD10C7B3167A}.Debug|Any CPU.ActiveCfg = Debug|Any CPU
		{C415A2E7-3A0B-4B49-A855-AD10C7B3167A}.Debug|Any CPU.Build.0 = Debug|Any CPU
		{C415A2E7-3A0B-4B49-A855-AD10C7B3167A}.Release|Any CPU.ActiveCfg = Release|Any CPU
		{C415A2E7-3A0B-4B49-A855-AD10C7B3167A}.Release|Any CPU.Build.0 = Release|Any CPU
		{83B14440-9333-4E58-A37F-346B66F83C8A}.Debug|Any CPU.ActiveCfg = Debug|Any CPU
		{83B14440-9333-4E58-A37F-346B66F83C8A}.Debug|Any CPU.Build.0 = Debug|Any CPU
		{83B14440-9333-4E58-A37F-346B66F83C8A}.Release|Any CPU.ActiveCfg = Release|Any CPU
		{83B14440-9333-4E58-A37F-346B66F83C8A}.Release|Any CPU.Build.0 = Release|Any CPU
		{65272A2A-97FC-435D-90F9-A7E6BC8CEBF5}.Debug|Any CPU.ActiveCfg = Debug|Any CPU
		{65272A2A-97FC-435D-90F9-A7E6BC8CEBF5}.Debug|Any CPU.Build.0 = Debug|Any CPU
		{65272A2A-97FC-435D-90F9-A7E6BC8CEBF5}.Release|Any CPU.ActiveCfg = Release|Any CPU
		{65272A2A-97FC-435D-90F9-A7E6BC8CEBF5}.Release|Any CPU.Build.0 = Release|Any CPU
		{50A3ED68-B9E7-415B-ACA0-229BD7A6F3B5}.Debug|Any CPU.ActiveCfg = Debug|Any CPU
		{50A3ED68-B9E7-415B-ACA0-229BD7A6F3B5}.Debug|Any CPU.Build.0 = Debug|Any CPU
		{50A3ED68-B9E7-415B-ACA0-229BD7A6F3B5}.Release|Any CPU.ActiveCfg = Release|Any CPU
		{50A3ED68-B9E7-415B-ACA0-229BD7A6F3B5}.Release|Any CPU.Build.0 = Release|Any CPU
		{471F011B-D585-4D78-8755-A3CB295333CF}.Debug|Any CPU.ActiveCfg = Debug|Any CPU
		{471F011B-D585-4D78-8755-A3CB295333CF}.Debug|Any CPU.Build.0 = Debug|Any CPU
		{471F011B-D585-4D78-8755-A3CB295333CF}.Release|Any CPU.ActiveCfg = Release|Any CPU
		{471F011B-D585-4D78-8755-A3CB295333CF}.Release|Any CPU.Build.0 = Release|Any CPU
		{59A428DD-E91D-4C61-BED8-714C62BE2037}.Debug|Any CPU.ActiveCfg = Debug|Any CPU
		{59A428DD-E91D-4C61-BED8-714C62BE2037}.Debug|Any CPU.Build.0 = Debug|Any CPU
		{59A428DD-E91D-4C61-BED8-714C62BE2037}.Release|Any CPU.ActiveCfg = Release|Any CPU
		{59A428DD-E91D-4C61-BED8-714C62BE2037}.Release|Any CPU.Build.0 = Release|Any CPU
		{897FFBF1-1DC0-424F-B15C-D5E08189E5F1}.Debug|Any CPU.ActiveCfg = Debug|Any CPU
		{897FFBF1-1DC0-424F-B15C-D5E08189E5F1}.Debug|Any CPU.Build.0 = Debug|Any CPU
		{897FFBF1-1DC0-424F-B15C-D5E08189E5F1}.Release|Any CPU.ActiveCfg = Release|Any CPU
		{897FFBF1-1DC0-424F-B15C-D5E08189E5F1}.Release|Any CPU.Build.0 = Release|Any CPU
		{AD392D5D-219D-44C8-9EDB-FA8893E5E48B}.Debug|Any CPU.ActiveCfg = Debug|Any CPU
		{AD392D5D-219D-44C8-9EDB-FA8893E5E48B}.Debug|Any CPU.Build.0 = Debug|Any CPU
		{AD392D5D-219D-44C8-9EDB-FA8893E5E48B}.Release|Any CPU.ActiveCfg = Release|Any CPU
		{AD392D5D-219D-44C8-9EDB-FA8893E5E48B}.Release|Any CPU.Build.0 = Release|Any CPU
		{F12ABD5F-6801-4597-9730-E8E37FE20558}.Debug|Any CPU.ActiveCfg = Debug|Any CPU
		{F12ABD5F-6801-4597-9730-E8E37FE20558}.Debug|Any CPU.Build.0 = Debug|Any CPU
		{F12ABD5F-6801-4597-9730-E8E37FE20558}.Release|Any CPU.ActiveCfg = Release|Any CPU
		{F12ABD5F-6801-4597-9730-E8E37FE20558}.Release|Any CPU.Build.0 = Release|Any CPU
		{01C3E820-EC7C-43DF-A565-7F0DA3088705}.Debug|Any CPU.ActiveCfg = Debug|Any CPU
		{01C3E820-EC7C-43DF-A565-7F0DA3088705}.Debug|Any CPU.Build.0 = Debug|Any CPU
		{01C3E820-EC7C-43DF-A565-7F0DA3088705}.Release|Any CPU.ActiveCfg = Release|Any CPU
		{01C3E820-EC7C-43DF-A565-7F0DA3088705}.Release|Any CPU.Build.0 = Release|Any CPU
		{8DB87200-E1FB-47EE-AC7E-465466D231EB}.Debug|Any CPU.ActiveCfg = Debug|Any CPU
		{8DB87200-E1FB-47EE-AC7E-465466D231EB}.Debug|Any CPU.Build.0 = Debug|Any CPU
		{8DB87200-E1FB-47EE-AC7E-465466D231EB}.Release|Any CPU.ActiveCfg = Release|Any CPU
		{8DB87200-E1FB-47EE-AC7E-465466D231EB}.Release|Any CPU.Build.0 = Release|Any CPU
		{2DBE6A3F-4629-4991-B4F2-2D2CF1D34405}.Debug|Any CPU.ActiveCfg = Debug|Any CPU
		{2DBE6A3F-4629-4991-B4F2-2D2CF1D34405}.Debug|Any CPU.Build.0 = Debug|Any CPU
		{2DBE6A3F-4629-4991-B4F2-2D2CF1D34405}.Release|Any CPU.ActiveCfg = Release|Any CPU
		{2DBE6A3F-4629-4991-B4F2-2D2CF1D34405}.Release|Any CPU.Build.0 = Release|Any CPU
		{53201507-CB35-4099-88FF-27561245993F}.Debug|Any CPU.ActiveCfg = Debug|Any CPU
		{53201507-CB35-4099-88FF-27561245993F}.Debug|Any CPU.Build.0 = Debug|Any CPU
		{53201507-CB35-4099-88FF-27561245993F}.Release|Any CPU.ActiveCfg = Release|Any CPU
		{53201507-CB35-4099-88FF-27561245993F}.Release|Any CPU.Build.0 = Release|Any CPU
		{EE285A2F-DE92-4701-B83B-D2421A228BDD}.Debug|Any CPU.ActiveCfg = Debug|Any CPU
		{EE285A2F-DE92-4701-B83B-D2421A228BDD}.Debug|Any CPU.Build.0 = Debug|Any CPU
		{EE285A2F-DE92-4701-B83B-D2421A228BDD}.Release|Any CPU.ActiveCfg = Release|Any CPU
		{EE285A2F-DE92-4701-B83B-D2421A228BDD}.Release|Any CPU.Build.0 = Release|Any CPU
	EndGlobalSection
	GlobalSection(SolutionProperties) = preSolution
		HideSolutionNode = FALSE
	EndGlobalSection
	GlobalSection(ExtensibilityGlobals) = postSolution
		SolutionGuid = {4767343E-D751-4BE0-BB83-AB27452B2639}
	EndGlobalSection
EndGlobal
