
Microsoft Visual Studio Solution File, Format Version 12.00
# Visual Studio 15
VisualStudioVersion = 15.0.28010.2019
MinimumVisualStudioVersion = 10.0.40219.1
Project("{FAE04EC0-301F-11D3-BF4B-00C04F79EFBC}") = "Types", "Types\Types.csproj", "{97BE2091-1B83-44F9-8511-1601B28959D7}"
EndProject
Project("{FAE04EC0-301F-11D3-BF4B-00C04F79EFBC}") = "SimpleTypes", "SimpleTypes\SimpleTypes.csproj", "{2D4AFF4B-2F69-49ED-A62F-4077DF21B1F0}"
EndProject
Project("{FAE04EC0-301F-11D3-BF4B-00C04F79EFBC}") = "Variables", "Variables\Variables.csproj", "{35202572-95C5-487E-9592-C093479540D5}"
EndProject
Project("{FAE04EC0-301F-11D3-BF4B-00C04F79EFBC}") = "Calculator", "Calculator\Calculator.csproj", "{CE49A980-B224-47E7-9E41-3A724A85B285}"
EndProject
Project("{FAE04EC0-301F-11D3-BF4B-00C04F79EFBC}") = "CalculatorGoodPractice", "CalculatorGoodPractice\CalculatorGoodPractice.csproj", "{AD106B61-81E5-4FCE-8949-900D07F10F9C}"
EndProject
Project("{FAE04EC0-301F-11D3-BF4B-00C04F79EFBC}") = "LogicOperators", "LogicOperators\LogicOperators.csproj", "{40281D8C-B600-4B26-AAB3-2D14EA35B7CD}"
EndProject
Project("{FAE04EC0-301F-11D3-BF4B-00C04F79EFBC}") = "LogicOperations2", "LogicOperations2\LogicOperations2.csproj", "{A9658AFA-D9F6-4666-BAF9-E4C69E1F19AD}"
EndProject
Project("{FAE04EC0-301F-11D3-BF4B-00C04F79EFBC}") = "LoopFor", "LoopFor\LoopFor.csproj", "{17A2873B-3F56-40ED-B33D-4F8B7B280460}"
EndProject
Global
	GlobalSection(SolutionConfigurationPlatforms) = preSolution
		Debug|Any CPU = Debug|Any CPU
		Release|Any CPU = Release|Any CPU
	EndGlobalSection
	GlobalSection(ProjectConfigurationPlatforms) = postSolution
		{97BE2091-1B83-44F9-8511-1601B28959D7}.Debug|Any CPU.ActiveCfg = Debug|Any CPU
		{97BE2091-1B83-44F9-8511-1601B28959D7}.Debug|Any CPU.Build.0 = Debug|Any CPU
		{97BE2091-1B83-44F9-8511-1601B28959D7}.Release|Any CPU.ActiveCfg = Release|Any CPU
		{97BE2091-1B83-44F9-8511-1601B28959D7}.Release|Any CPU.Build.0 = Release|Any CPU
		{2D4AFF4B-2F69-49ED-A62F-4077DF21B1F0}.Debug|Any CPU.ActiveCfg = Debug|Any CPU
		{2D4AFF4B-2F69-49ED-A62F-4077DF21B1F0}.Debug|Any CPU.Build.0 = Debug|Any CPU
		{2D4AFF4B-2F69-49ED-A62F-4077DF21B1F0}.Release|Any CPU.ActiveCfg = Release|Any CPU
		{2D4AFF4B-2F69-49ED-A62F-4077DF21B1F0}.Release|Any CPU.Build.0 = Release|Any CPU
		{35202572-95C5-487E-9592-C093479540D5}.Debug|Any CPU.ActiveCfg = Debug|Any CPU
		{35202572-95C5-487E-9592-C093479540D5}.Debug|Any CPU.Build.0 = Debug|Any CPU
		{35202572-95C5-487E-9592-C093479540D5}.Release|Any CPU.ActiveCfg = Release|Any CPU
		{35202572-95C5-487E-9592-C093479540D5}.Release|Any CPU.Build.0 = Release|Any CPU
		{CE49A980-B224-47E7-9E41-3A724A85B285}.Debug|Any CPU.ActiveCfg = Debug|Any CPU
		{CE49A980-B224-47E7-9E41-3A724A85B285}.Debug|Any CPU.Build.0 = Debug|Any CPU
		{CE49A980-B224-47E7-9E41-3A724A85B285}.Release|Any CPU.ActiveCfg = Release|Any CPU
		{CE49A980-B224-47E7-9E41-3A724A85B285}.Release|Any CPU.Build.0 = Release|Any CPU
		{AD106B61-81E5-4FCE-8949-900D07F10F9C}.Debug|Any CPU.ActiveCfg = Debug|Any CPU
		{AD106B61-81E5-4FCE-8949-900D07F10F9C}.Debug|Any CPU.Build.0 = Debug|Any CPU
		{AD106B61-81E5-4FCE-8949-900D07F10F9C}.Release|Any CPU.ActiveCfg = Release|Any CPU
		{AD106B61-81E5-4FCE-8949-900D07F10F9C}.Release|Any CPU.Build.0 = Release|Any CPU
		{40281D8C-B600-4B26-AAB3-2D14EA35B7CD}.Debug|Any CPU.ActiveCfg = Debug|Any CPU
		{40281D8C-B600-4B26-AAB3-2D14EA35B7CD}.Debug|Any CPU.Build.0 = Debug|Any CPU
		{40281D8C-B600-4B26-AAB3-2D14EA35B7CD}.Release|Any CPU.ActiveCfg = Release|Any CPU
		{40281D8C-B600-4B26-AAB3-2D14EA35B7CD}.Release|Any CPU.Build.0 = Release|Any CPU
		{A9658AFA-D9F6-4666-BAF9-E4C69E1F19AD}.Debug|Any CPU.ActiveCfg = Debug|Any CPU
		{A9658AFA-D9F6-4666-BAF9-E4C69E1F19AD}.Debug|Any CPU.Build.0 = Debug|Any CPU
		{A9658AFA-D9F6-4666-BAF9-E4C69E1F19AD}.Release|Any CPU.ActiveCfg = Release|Any CPU
		{A9658AFA-D9F6-4666-BAF9-E4C69E1F19AD}.Release|Any CPU.Build.0 = Release|Any CPU
		{17A2873B-3F56-40ED-B33D-4F8B7B280460}.Debug|Any CPU.ActiveCfg = Debug|Any CPU
		{17A2873B-3F56-40ED-B33D-4F8B7B280460}.Debug|Any CPU.Build.0 = Debug|Any CPU
		{17A2873B-3F56-40ED-B33D-4F8B7B280460}.Release|Any CPU.ActiveCfg = Release|Any CPU
		{17A2873B-3F56-40ED-B33D-4F8B7B280460}.Release|Any CPU.Build.0 = Release|Any CPU
	EndGlobalSection
	GlobalSection(SolutionProperties) = preSolution
		HideSolutionNode = FALSE
	EndGlobalSection
	GlobalSection(ExtensibilityGlobals) = postSolution
		SolutionGuid = {AD532863-CB7D-4F92-AE79-29713B0E7FCE}
	EndGlobalSection
EndGlobal
