
Microsoft Visual Studio Solution File, Format Version 12.00
# Visual Studio Version 16
VisualStudioVersion = 16.0.30002.166
MinimumVisualStudioVersion = 10.0.40219.1
Project("{FAE04EC0-301F-11D3-BF4B-00C04F79EFBC}") = "ISTC.FirtsStage.Types", "ISTC.FirtsStage.Types\ISTC.FirtsStage.Types.csproj", "{97BE2091-1B83-44F9-8511-1601B28959D7}"
EndProject
Project("{FAE04EC0-301F-11D3-BF4B-00C04F79EFBC}") = "ISTC.FirtsStage.SimpleTypes", "ISTC.FirtsStage.SimpleTypes\ISTC.FirtsStage.SimpleTypes.csproj", "{2D4AFF4B-2F69-49ED-A62F-4077DF21B1F0}"
EndProject
Project("{FAE04EC0-301F-11D3-BF4B-00C04F79EFBC}") = "ISTC.FirtsStage.Variables", "ISTC.FirtsStage.Variables\ISTC.FirtsStage.Variables.csproj", "{35202572-95C5-487E-9592-C093479540D5}"
EndProject
Project("{FAE04EC0-301F-11D3-BF4B-00C04F79EFBC}") = "ISTC.FirtsStage.Calculator", "ISTC.FirtsStage.Calculator\ISTC.FirtsStage.Calculator.csproj", "{CE49A980-B224-47E7-9E41-3A724A85B285}"
EndProject
Project("{FAE04EC0-301F-11D3-BF4B-00C04F79EFBC}") = "ISTC.FirtsStage.CalculatorGoodPractice", "ISTC.FirtsStage.CalculatorGoodPractice\ISTC.FirtsStage.CalculatorGoodPractice.csproj", "{AD106B61-81E5-4FCE-8949-900D07F10F9C}"
EndProject
Project("{FAE04EC0-301F-11D3-BF4B-00C04F79EFBC}") = "ISTC.FirtsStage.LogicOperators", "ISTC.FirtsStage.LogicOperators\ISTC.FirtsStage.LogicOperators.csproj", "{40281D8C-B600-4B26-AAB3-2D14EA35B7CD}"
EndProject
Project("{FAE04EC0-301F-11D3-BF4B-00C04F79EFBC}") = "ISTC.FirtsStage.LogicOperations2", "ISTC.FirtsStage.LogicOperations2\ISTC.FirtsStage.LogicOperations2.csproj", "{A9658AFA-D9F6-4666-BAF9-E4C69E1F19AD}"
EndProject
Project("{FAE04EC0-301F-11D3-BF4B-00C04F79EFBC}") = "ISTC.FirtsStage.LoopFor", "ISTC.FirtsStage.LoopFor\ISTC.FirtsStage.LoopFor.csproj", "{17A2873B-3F56-40ED-B33D-4F8B7B280460}"
EndProject
Project("{FAE04EC0-301F-11D3-BF4B-00C04F79EFBC}") = "ISTC.FirtsStage.LoopWhile", "ISTC.FirtsStage.LoopWhile\ISTC.FirtsStage.LoopWhile.csproj", "{3F92A219-C116-46BC-8FB9-B88F0A19126A}"
EndProject
Project("{FAE04EC0-301F-11D3-BF4B-00C04F79EFBC}") = "ISTC.FirtsStage.SimetricNumber", "ISTC.FirtsStage.SimetricNumber\ISTC.FirtsStage.SimetricNumber.csproj", "{F873C217-F6BE-48B9-864C-EF170F2B8726}"
EndProject
Project("{FAE04EC0-301F-11D3-BF4B-00C04F79EFBC}") = "ISTC.FirtsStage.Main", "ISTC.FirtsStage.Main\ISTC.FirtsStage.Main.csproj", "{539EBE81-FCAC-446D-A3C1-D08195323119}"
EndProject
Project("{FAE04EC0-301F-11D3-BF4B-00C04F79EFBC}") = "ISTC.FirtsStage.Methods", "ISTC.FirtsStage.Methods\ISTC.FirtsStage.Methods.csproj", "{424B6E2D-CA11-4E00-886C-B94111AECE96}"
EndProject
Project("{FAE04EC0-301F-11D3-BF4B-00C04F79EFBC}") = "ISTC.FirtsStage.Methotds2", "ISTC.FirtsStage.Methotds2\ISTC.FirtsStage.Methotds2.csproj", "{609BB36C-68E4-403B-815C-92D2131BC519}"
EndProject
Project("{FAE04EC0-301F-11D3-BF4B-00C04F79EFBC}") = "ISTC.FirtsStage.Recursion", "ISTC.FirtsStage.Recursion\ISTC.FirtsStage.Recursion.csproj", "{37A10F94-A951-433E-8112-CE02079B6FAC}"
EndProject
Project("{FAE04EC0-301F-11D3-BF4B-00C04F79EFBC}") = "ISTC.FirstStage.Ex01", "ISTC.FirstStage.Ex01\ISTC.FirstStage.Ex01.csproj", "{F0965492-EB37-4301-94F4-C0B67FD466CF}"
EndProject
Project("{FAE04EC0-301F-11D3-BF4B-00C04F79EFBC}") = "ISTC.FirstStage.Operation", "ISTC.FirstStage.Operation\ISTC.FirstStage.Operation.csproj", "{28E9E65C-2E06-4824-B2BA-F40E5C2F597B}"
EndProject
Project("{FAE04EC0-301F-11D3-BF4B-00C04F79EFBC}") = "ISTC.FirtStage.ConditionalConstructions", "ISTC.FirtStage.ConditionalConstructions\ISTC.FirtStage.ConditionalConstructions.csproj", "{FA9C1564-FC49-4F66-8241-592444937B2F}"
EndProject
Project("{FAE04EC0-301F-11D3-BF4B-00C04F79EFBC}") = "ISTC.FirstStage.Loop.GoTo", "ISTC.FirtStage.Loop.GoTo\ISTC.FirstStage.Loop.GoTo.csproj", "{920DE83C-DA77-4381-9478-6B278FFBF9AE}"
EndProject
Project("{FAE04EC0-301F-11D3-BF4B-00C04F79EFBC}") = "ISTC.FirstStage.Ex02", "ISTC.FirstStage.Ex02\ISTC.FirstStage.Ex02.csproj", "{8B745269-A50E-421A-BB82-1059EC00E1AC}"
EndProject
Project("{FAE04EC0-301F-11D3-BF4B-00C04F79EFBC}") = "ISTC.FirtStage.Ex3", "ISTC.FirtStage.Ex3\ISTC.FirtStage.Ex3.csproj", "{70DD2509-17F7-46AE-A317-16679C2AAC61}"
EndProject
Project("{FAE04EC0-301F-11D3-BF4B-00C04F79EFBC}") = "ISTC.FirstStage.Ex04", "ISTC.FirstStage.Ex04\ISTC.FirstStage.Ex04.csproj", "{598A0E95-7981-44B4-A79F-1B8B2B36B452}"
EndProject
Project("{FAE04EC0-301F-11D3-BF4B-00C04F79EFBC}") = "ISTC.FirstStage.Array", "ISTC.FirstStage.Array\ISTC.FirstStage.Array.csproj", "{E6AFEDAE-C772-48EF-992F-5609568E9A9A}"
EndProject
Project("{FAE04EC0-301F-11D3-BF4B-00C04F79EFBC}") = "ISTC.FirtStage.Console_01", "ISTC.FirtStage.Console_01\ISTC.FirtStage.Console_01.csproj", "{5B6B5999-9FCA-4978-A483-D2B20EA31A4B}"
EndProject
Project("{FAE04EC0-301F-11D3-BF4B-00C04F79EFBC}") = "ISTC.FirtsStage.Variables_02", "ISTC.FirtsStage.Variables_02\ISTC.FirtsStage.Variables_02.csproj", "{F23C9D55-1629-46B5-AD93-6C12CA19501B}"
EndProject
Project("{FAE04EC0-301F-11D3-BF4B-00C04F79EFBC}") = "ISTC.FirtStage.BitOperations", "ISTC.FirtStage.BitOperations\ISTC.FirtStage.BitOperations.csproj", "{8D7C25CC-B77B-40AB-B17D-4B07807D8092}"
EndProject
Project("{FAE04EC0-301F-11D3-BF4B-00C04F79EFBC}") = "ISTC.FirtStage.Conditional", "ISTC.FirtStage.Conditional\ISTC.FirtStage.Conditional.csproj", "{53122FB5-C693-4429-9710-00E4C6DC9909}"
EndProject
Project("{FAE04EC0-301F-11D3-BF4B-00C04F79EFBC}") = "ISTC.FirstStage.LogicalStatements", "ISTC.FirstStage.LogicalStatements\ISTC.FirstStage.LogicalStatements.csproj", "{3A80ADB4-F0B6-41AE-B2C5-453F07483ABD}"
EndProject
Project("{FAE04EC0-301F-11D3-BF4B-00C04F79EFBC}") = "ISTC.FirstStage.LogicalStatements_02", "ISTC.FirstStage.LogicalStatements_02\ISTC.FirstStage.LogicalStatements_02.csproj", "{86359759-23C8-485B-AA41-7E477C98BA98}"
EndProject
Project("{FAE04EC0-301F-11D3-BF4B-00C04F79EFBC}") = "ISTC.FirstStage.LogicalStatements_03", "ISTC.FirstStage.LogicalStatements_03\ISTC.FirstStage.LogicalStatements_03.csproj", "{67907327-36D1-4F7A-A542-8B10992DCAD9}"
EndProject
Project("{FAE04EC0-301F-11D3-BF4B-00C04F79EFBC}") = "ISTC.FirstStage.Array_02", "ISTC.FirstStage.Array_02\ISTC.FirstStage.Array_02.csproj", "{B6EC0EC0-3669-469B-B186-D7D4265EF91B}"
EndProject
Project("{FAE04EC0-301F-11D3-BF4B-00C04F79EFBC}") = "ISTC.FirstStage.DoubleNumber", "ISTC.FirstStage.DoubleNumber\ISTC.FirstStage.DoubleNumber.csproj", "{45873C0D-9EEC-48E9-BF3D-8D029C6B2082}"
EndProject
Global
	GlobalSection(SolutionConfigurationPlatforms) = preSolution
		Debug|Any CPU = Debug|Any CPU
		Release|Any CPU = Release|Any CPU
	EndGlobalSection
	GlobalSection(ProjectConfigurationPlatforms) = postSolution
		{97BE2091-1B83-44F9-8511-1601B28959D7}.Debug|Any CPU.ActiveCfg = Debug|Any CPU
		{97BE2091-1B83-44F9-8511-1601B28959D7}.Debug|Any CPU.Build.0 = Debug|Any CPU
		{97BE2091-1B83-44F9-8511-1601B28959D7}.Release|Any CPU.ActiveCfg = Release|Any CPU
		{97BE2091-1B83-44F9-8511-1601B28959D7}.Release|Any CPU.Build.0 = Release|Any CPU
		{2D4AFF4B-2F69-49ED-A62F-4077DF21B1F0}.Debug|Any CPU.ActiveCfg = Debug|Any CPU
		{2D4AFF4B-2F69-49ED-A62F-4077DF21B1F0}.Debug|Any CPU.Build.0 = Debug|Any CPU
		{2D4AFF4B-2F69-49ED-A62F-4077DF21B1F0}.Release|Any CPU.ActiveCfg = Release|Any CPU
		{2D4AFF4B-2F69-49ED-A62F-4077DF21B1F0}.Release|Any CPU.Build.0 = Release|Any CPU
		{35202572-95C5-487E-9592-C093479540D5}.Debug|Any CPU.ActiveCfg = Debug|Any CPU
		{35202572-95C5-487E-9592-C093479540D5}.Debug|Any CPU.Build.0 = Debug|Any CPU
		{35202572-95C5-487E-9592-C093479540D5}.Release|Any CPU.ActiveCfg = Release|Any CPU
		{35202572-95C5-487E-9592-C093479540D5}.Release|Any CPU.Build.0 = Release|Any CPU
		{CE49A980-B224-47E7-9E41-3A724A85B285}.Debug|Any CPU.ActiveCfg = Debug|Any CPU
		{CE49A980-B224-47E7-9E41-3A724A85B285}.Debug|Any CPU.Build.0 = Debug|Any CPU
		{CE49A980-B224-47E7-9E41-3A724A85B285}.Release|Any CPU.ActiveCfg = Release|Any CPU
		{CE49A980-B224-47E7-9E41-3A724A85B285}.Release|Any CPU.Build.0 = Release|Any CPU
		{AD106B61-81E5-4FCE-8949-900D07F10F9C}.Debug|Any CPU.ActiveCfg = Debug|Any CPU
		{AD106B61-81E5-4FCE-8949-900D07F10F9C}.Debug|Any CPU.Build.0 = Debug|Any CPU
		{AD106B61-81E5-4FCE-8949-900D07F10F9C}.Release|Any CPU.ActiveCfg = Release|Any CPU
		{AD106B61-81E5-4FCE-8949-900D07F10F9C}.Release|Any CPU.Build.0 = Release|Any CPU
		{40281D8C-B600-4B26-AAB3-2D14EA35B7CD}.Debug|Any CPU.ActiveCfg = Debug|Any CPU
		{40281D8C-B600-4B26-AAB3-2D14EA35B7CD}.Debug|Any CPU.Build.0 = Debug|Any CPU
		{40281D8C-B600-4B26-AAB3-2D14EA35B7CD}.Release|Any CPU.ActiveCfg = Release|Any CPU
		{40281D8C-B600-4B26-AAB3-2D14EA35B7CD}.Release|Any CPU.Build.0 = Release|Any CPU
		{A9658AFA-D9F6-4666-BAF9-E4C69E1F19AD}.Debug|Any CPU.ActiveCfg = Debug|Any CPU
		{A9658AFA-D9F6-4666-BAF9-E4C69E1F19AD}.Debug|Any CPU.Build.0 = Debug|Any CPU
		{A9658AFA-D9F6-4666-BAF9-E4C69E1F19AD}.Release|Any CPU.ActiveCfg = Release|Any CPU
		{A9658AFA-D9F6-4666-BAF9-E4C69E1F19AD}.Release|Any CPU.Build.0 = Release|Any CPU
		{17A2873B-3F56-40ED-B33D-4F8B7B280460}.Debug|Any CPU.ActiveCfg = Debug|Any CPU
		{17A2873B-3F56-40ED-B33D-4F8B7B280460}.Debug|Any CPU.Build.0 = Debug|Any CPU
		{17A2873B-3F56-40ED-B33D-4F8B7B280460}.Release|Any CPU.ActiveCfg = Release|Any CPU
		{17A2873B-3F56-40ED-B33D-4F8B7B280460}.Release|Any CPU.Build.0 = Release|Any CPU
		{3F92A219-C116-46BC-8FB9-B88F0A19126A}.Debug|Any CPU.ActiveCfg = Debug|Any CPU
		{3F92A219-C116-46BC-8FB9-B88F0A19126A}.Debug|Any CPU.Build.0 = Debug|Any CPU
		{3F92A219-C116-46BC-8FB9-B88F0A19126A}.Release|Any CPU.ActiveCfg = Release|Any CPU
		{3F92A219-C116-46BC-8FB9-B88F0A19126A}.Release|Any CPU.Build.0 = Release|Any CPU
		{F873C217-F6BE-48B9-864C-EF170F2B8726}.Debug|Any CPU.ActiveCfg = Debug|Any CPU
		{F873C217-F6BE-48B9-864C-EF170F2B8726}.Debug|Any CPU.Build.0 = Debug|Any CPU
		{F873C217-F6BE-48B9-864C-EF170F2B8726}.Release|Any CPU.ActiveCfg = Release|Any CPU
		{F873C217-F6BE-48B9-864C-EF170F2B8726}.Release|Any CPU.Build.0 = Release|Any CPU
		{539EBE81-FCAC-446D-A3C1-D08195323119}.Debug|Any CPU.ActiveCfg = Debug|Any CPU
		{539EBE81-FCAC-446D-A3C1-D08195323119}.Debug|Any CPU.Build.0 = Debug|Any CPU
		{539EBE81-FCAC-446D-A3C1-D08195323119}.Release|Any CPU.ActiveCfg = Release|Any CPU
		{539EBE81-FCAC-446D-A3C1-D08195323119}.Release|Any CPU.Build.0 = Release|Any CPU
		{424B6E2D-CA11-4E00-886C-B94111AECE96}.Debug|Any CPU.ActiveCfg = Debug|Any CPU
		{424B6E2D-CA11-4E00-886C-B94111AECE96}.Debug|Any CPU.Build.0 = Debug|Any CPU
		{424B6E2D-CA11-4E00-886C-B94111AECE96}.Release|Any CPU.ActiveCfg = Release|Any CPU
		{424B6E2D-CA11-4E00-886C-B94111AECE96}.Release|Any CPU.Build.0 = Release|Any CPU
		{609BB36C-68E4-403B-815C-92D2131BC519}.Debug|Any CPU.ActiveCfg = Debug|Any CPU
		{609BB36C-68E4-403B-815C-92D2131BC519}.Debug|Any CPU.Build.0 = Debug|Any CPU
		{609BB36C-68E4-403B-815C-92D2131BC519}.Release|Any CPU.ActiveCfg = Release|Any CPU
		{609BB36C-68E4-403B-815C-92D2131BC519}.Release|Any CPU.Build.0 = Release|Any CPU
		{37A10F94-A951-433E-8112-CE02079B6FAC}.Debug|Any CPU.ActiveCfg = Debug|Any CPU
		{37A10F94-A951-433E-8112-CE02079B6FAC}.Debug|Any CPU.Build.0 = Debug|Any CPU
		{37A10F94-A951-433E-8112-CE02079B6FAC}.Release|Any CPU.ActiveCfg = Release|Any CPU
		{37A10F94-A951-433E-8112-CE02079B6FAC}.Release|Any CPU.Build.0 = Release|Any CPU
		{F0965492-EB37-4301-94F4-C0B67FD466CF}.Debug|Any CPU.ActiveCfg = Debug|Any CPU
		{F0965492-EB37-4301-94F4-C0B67FD466CF}.Debug|Any CPU.Build.0 = Debug|Any CPU
		{F0965492-EB37-4301-94F4-C0B67FD466CF}.Release|Any CPU.ActiveCfg = Release|Any CPU
		{F0965492-EB37-4301-94F4-C0B67FD466CF}.Release|Any CPU.Build.0 = Release|Any CPU
		{28E9E65C-2E06-4824-B2BA-F40E5C2F597B}.Debug|Any CPU.ActiveCfg = Debug|Any CPU
		{28E9E65C-2E06-4824-B2BA-F40E5C2F597B}.Debug|Any CPU.Build.0 = Debug|Any CPU
		{28E9E65C-2E06-4824-B2BA-F40E5C2F597B}.Release|Any CPU.ActiveCfg = Release|Any CPU
		{28E9E65C-2E06-4824-B2BA-F40E5C2F597B}.Release|Any CPU.Build.0 = Release|Any CPU
		{FA9C1564-FC49-4F66-8241-592444937B2F}.Debug|Any CPU.ActiveCfg = Debug|Any CPU
		{FA9C1564-FC49-4F66-8241-592444937B2F}.Debug|Any CPU.Build.0 = Debug|Any CPU
		{FA9C1564-FC49-4F66-8241-592444937B2F}.Release|Any CPU.ActiveCfg = Release|Any CPU
		{FA9C1564-FC49-4F66-8241-592444937B2F}.Release|Any CPU.Build.0 = Release|Any CPU
		{920DE83C-DA77-4381-9478-6B278FFBF9AE}.Debug|Any CPU.ActiveCfg = Debug|Any CPU
		{920DE83C-DA77-4381-9478-6B278FFBF9AE}.Debug|Any CPU.Build.0 = Debug|Any CPU
		{920DE83C-DA77-4381-9478-6B278FFBF9AE}.Release|Any CPU.ActiveCfg = Release|Any CPU
		{920DE83C-DA77-4381-9478-6B278FFBF9AE}.Release|Any CPU.Build.0 = Release|Any CPU
		{8B745269-A50E-421A-BB82-1059EC00E1AC}.Debug|Any CPU.ActiveCfg = Debug|Any CPU
		{8B745269-A50E-421A-BB82-1059EC00E1AC}.Debug|Any CPU.Build.0 = Debug|Any CPU
		{8B745269-A50E-421A-BB82-1059EC00E1AC}.Release|Any CPU.ActiveCfg = Release|Any CPU
		{8B745269-A50E-421A-BB82-1059EC00E1AC}.Release|Any CPU.Build.0 = Release|Any CPU
		{70DD2509-17F7-46AE-A317-16679C2AAC61}.Debug|Any CPU.ActiveCfg = Debug|Any CPU
		{70DD2509-17F7-46AE-A317-16679C2AAC61}.Debug|Any CPU.Build.0 = Debug|Any CPU
		{70DD2509-17F7-46AE-A317-16679C2AAC61}.Release|Any CPU.ActiveCfg = Release|Any CPU
		{70DD2509-17F7-46AE-A317-16679C2AAC61}.Release|Any CPU.Build.0 = Release|Any CPU
		{598A0E95-7981-44B4-A79F-1B8B2B36B452}.Debug|Any CPU.ActiveCfg = Debug|Any CPU
		{598A0E95-7981-44B4-A79F-1B8B2B36B452}.Debug|Any CPU.Build.0 = Debug|Any CPU
		{598A0E95-7981-44B4-A79F-1B8B2B36B452}.Release|Any CPU.ActiveCfg = Release|Any CPU
		{598A0E95-7981-44B4-A79F-1B8B2B36B452}.Release|Any CPU.Build.0 = Release|Any CPU
		{E6AFEDAE-C772-48EF-992F-5609568E9A9A}.Debug|Any CPU.ActiveCfg = Debug|Any CPU
		{E6AFEDAE-C772-48EF-992F-5609568E9A9A}.Debug|Any CPU.Build.0 = Debug|Any CPU
		{E6AFEDAE-C772-48EF-992F-5609568E9A9A}.Release|Any CPU.ActiveCfg = Release|Any CPU
		{E6AFEDAE-C772-48EF-992F-5609568E9A9A}.Release|Any CPU.Build.0 = Release|Any CPU
		{5B6B5999-9FCA-4978-A483-D2B20EA31A4B}.Debug|Any CPU.ActiveCfg = Debug|Any CPU
		{5B6B5999-9FCA-4978-A483-D2B20EA31A4B}.Debug|Any CPU.Build.0 = Debug|Any CPU
		{5B6B5999-9FCA-4978-A483-D2B20EA31A4B}.Release|Any CPU.ActiveCfg = Release|Any CPU
		{5B6B5999-9FCA-4978-A483-D2B20EA31A4B}.Release|Any CPU.Build.0 = Release|Any CPU
		{F23C9D55-1629-46B5-AD93-6C12CA19501B}.Debug|Any CPU.ActiveCfg = Debug|Any CPU
		{F23C9D55-1629-46B5-AD93-6C12CA19501B}.Debug|Any CPU.Build.0 = Debug|Any CPU
		{F23C9D55-1629-46B5-AD93-6C12CA19501B}.Release|Any CPU.ActiveCfg = Release|Any CPU
		{F23C9D55-1629-46B5-AD93-6C12CA19501B}.Release|Any CPU.Build.0 = Release|Any CPU
		{8D7C25CC-B77B-40AB-B17D-4B07807D8092}.Debug|Any CPU.ActiveCfg = Debug|Any CPU
		{8D7C25CC-B77B-40AB-B17D-4B07807D8092}.Debug|Any CPU.Build.0 = Debug|Any CPU
		{8D7C25CC-B77B-40AB-B17D-4B07807D8092}.Release|Any CPU.ActiveCfg = Release|Any CPU
		{8D7C25CC-B77B-40AB-B17D-4B07807D8092}.Release|Any CPU.Build.0 = Release|Any CPU
		{53122FB5-C693-4429-9710-00E4C6DC9909}.Debug|Any CPU.ActiveCfg = Debug|Any CPU
		{53122FB5-C693-4429-9710-00E4C6DC9909}.Debug|Any CPU.Build.0 = Debug|Any CPU
		{53122FB5-C693-4429-9710-00E4C6DC9909}.Release|Any CPU.ActiveCfg = Release|Any CPU
		{53122FB5-C693-4429-9710-00E4C6DC9909}.Release|Any CPU.Build.0 = Release|Any CPU
		{3A80ADB4-F0B6-41AE-B2C5-453F07483ABD}.Debug|Any CPU.ActiveCfg = Debug|Any CPU
		{3A80ADB4-F0B6-41AE-B2C5-453F07483ABD}.Debug|Any CPU.Build.0 = Debug|Any CPU
		{3A80ADB4-F0B6-41AE-B2C5-453F07483ABD}.Release|Any CPU.ActiveCfg = Release|Any CPU
		{3A80ADB4-F0B6-41AE-B2C5-453F07483ABD}.Release|Any CPU.Build.0 = Release|Any CPU
		{86359759-23C8-485B-AA41-7E477C98BA98}.Debug|Any CPU.ActiveCfg = Debug|Any CPU
		{86359759-23C8-485B-AA41-7E477C98BA98}.Debug|Any CPU.Build.0 = Debug|Any CPU
		{86359759-23C8-485B-AA41-7E477C98BA98}.Release|Any CPU.ActiveCfg = Release|Any CPU
		{86359759-23C8-485B-AA41-7E477C98BA98}.Release|Any CPU.Build.0 = Release|Any CPU
		{67907327-36D1-4F7A-A542-8B10992DCAD9}.Debug|Any CPU.ActiveCfg = Debug|Any CPU
		{67907327-36D1-4F7A-A542-8B10992DCAD9}.Debug|Any CPU.Build.0 = Debug|Any CPU
		{67907327-36D1-4F7A-A542-8B10992DCAD9}.Release|Any CPU.ActiveCfg = Release|Any CPU
		{67907327-36D1-4F7A-A542-8B10992DCAD9}.Release|Any CPU.Build.0 = Release|Any CPU
		{B6EC0EC0-3669-469B-B186-D7D4265EF91B}.Debug|Any CPU.ActiveCfg = Debug|Any CPU
		{B6EC0EC0-3669-469B-B186-D7D4265EF91B}.Debug|Any CPU.Build.0 = Debug|Any CPU
		{B6EC0EC0-3669-469B-B186-D7D4265EF91B}.Release|Any CPU.ActiveCfg = Release|Any CPU
		{B6EC0EC0-3669-469B-B186-D7D4265EF91B}.Release|Any CPU.Build.0 = Release|Any CPU
		{45873C0D-9EEC-48E9-BF3D-8D029C6B2082}.Debug|Any CPU.ActiveCfg = Debug|Any CPU
		{45873C0D-9EEC-48E9-BF3D-8D029C6B2082}.Debug|Any CPU.Build.0 = Debug|Any CPU
		{45873C0D-9EEC-48E9-BF3D-8D029C6B2082}.Release|Any CPU.ActiveCfg = Release|Any CPU
		{45873C0D-9EEC-48E9-BF3D-8D029C6B2082}.Release|Any CPU.Build.0 = Release|Any CPU
	EndGlobalSection
	GlobalSection(SolutionProperties) = preSolution
		HideSolutionNode = FALSE
	EndGlobalSection
	GlobalSection(ExtensibilityGlobals) = postSolution
		SolutionGuid = {AD532863-CB7D-4F92-AE79-29713B0E7FCE}
	EndGlobalSection
EndGlobal
