
Microsoft Visual Studio Solution File, Format Version 12.00
# Visual Studio 15
VisualStudioVersion = 15.0.28307.168
MinimumVisualStudioVersion = 10.0.40219.1
Project("{FAE04EC0-301F-11D3-BF4B-00C04F79EFBC}") = "ISTC.ThirdStage.Advance.Collection", "ISTC.ThirdStage.Advance.Collection\ISTC.ThirdStage.Advance.Collection.csproj", "{15F4302F-2A27-4719-B878-81CEFD113081}"
EndProject
Project("{FAE04EC0-301F-11D3-BF4B-00C04F79EFBC}") = "ISTC.ThirdStage.Advance.Collection02", "ISTC.ThirdStage.Advance.Collection02\ISTC.ThirdStage.Advance.Collection02.csproj", "{012F4668-2425-42D5-827D-0D595E7A24AE}"
EndProject
Project("{2150E333-8FDC-42A3-9474-1A3956D46DE8}") = "ISTC.ThirdStage.Advance.File", "ISTC.ThirdStage.Advance.File", "{1912A3E5-2935-4BE3-83B0-49E8587DD64D}"
EndProject
Project("{FAE04EC0-301F-11D3-BF4B-00C04F79EFBC}") = "ISTC.ThirdStage.Advance.File.ReadData", "ISTC.ThirdStage.Advance.File.ReadData\ISTC.ThirdStage.Advance.File.ReadData.csproj", "{0599999A-842B-43B3-A05C-9678718334EA}"
EndProject
Project("{FAE04EC0-301F-11D3-BF4B-00C04F79EFBC}") = "ISTC.ThirdStage.Advance.File.WriteData", "ISTC.ThirdStage.Advance.File.WriteData\ISTC.ThirdStage.Advance.File.WriteData.csproj", "{2B863AFB-2A70-4FD4-BEFD-05BBD237B433}"
EndProject
Project("{FAE04EC0-301F-11D3-BF4B-00C04F79EFBC}") = "ISTC.ThirdStage.Advance.File.Directory", "ISTC.ThirdStage.Advance.File.Directory\ISTC.ThirdStage.Advance.File.Directory.csproj", "{DB225F37-6F25-4EB4-9DE4-CDAF6D91F734}"
EndProject
Project("{FAE04EC0-301F-11D3-BF4B-00C04F79EFBC}") = "ISTC.ThirdStage.Advance.File.FileInfo", "ISTC.ThirdStage.Advance.File.FileInfo\ISTC.ThirdStage.Advance.File.FileInfo.csproj", "{5DB4898E-5AAB-459F-9EB6-306F1090A6C5}"
EndProject
Project("{2150E333-8FDC-42A3-9474-1A3956D46DE8}") = "ISTC.ThirdStage.Advance.DateTime", "ISTC.ThirdStage.Advance.DateTime", "{B4B3E57E-91B5-4F43-B0BE-05068FB5DD0A}"
EndProject
Project("{FAE04EC0-301F-11D3-BF4B-00C04F79EFBC}") = "ISTC.ThirdStage.Advance.DateTime.DT01", "ISTC.ThirdStage.Advance.DateTime.DT01\ISTC.ThirdStage.Advance.DateTime.DT01.csproj", "{0753D3C2-A92A-4C49-ABE9-2B6D801ED179}"
EndProject
Project("{FAE04EC0-301F-11D3-BF4B-00C04F79EFBC}") = "ISTC.ThirdStage.Advance.DateTime.DT02", "ISTC.ThirdStage.Advance.DateTime.DT02\ISTC.ThirdStage.Advance.DateTime.DT02.csproj", "{8C5D494B-C896-4F15-8D05-39F8EB7A4504}"
EndProject
Project("{FAE04EC0-301F-11D3-BF4B-00C04F79EFBC}") = "ISTC.ThirdStage.Advance.DateTime.DT03", "ISTC.ThirdStage.Advance.DateTime.DT03\ISTC.ThirdStage.Advance.DateTime.DT03.csproj", "{D017AF90-7A13-48A3-B0E7-AA5A43D5A4E5}"
EndProject
Project("{FAE04EC0-301F-11D3-BF4B-00C04F79EFBC}") = "ISTC.ThirdStage.Advance.DateTime.DT04", "ISTC.ThirdStage.Advance.DateTime.DT04\ISTC.ThirdStage.Advance.DateTime.DT04.csproj", "{D8BFDC8E-1B3D-4D81-B83F-E61D76A9B413}"
EndProject
Project("{FAE04EC0-301F-11D3-BF4B-00C04F79EFBC}") = "ISTC.ThirdStage.Advance.File.FileInFile", "ISTC.ThirdStage.Advance.File.FileInFile\ISTC.ThirdStage.Advance.File.FileInFile.csproj", "{9A1DB339-70A8-4785-AD9F-94DFDBAAEE79}"
EndProject
Project("{2150E333-8FDC-42A3-9474-1A3956D46DE8}") = "ISTC.ThirdStage.Advance.WorkWithText", "ISTC.ThirdStage.Advance.WorkWithText", "{EBF8D673-CBD1-48B5-808E-A7741BECC91E}"
EndProject
Project("{FAE04EC0-301F-11D3-BF4B-00C04F79EFBC}") = "ISTC.ThirdStage.Advance.WorkWithText.Str", "ISTC.ThirdStage.Advance.WorkWithText.Str\ISTC.ThirdStage.Advance.WorkWithText.Str.csproj", "{15A20568-2EF0-4AC6-9739-A736E086675D}"
EndProject
Project("{FAE04EC0-301F-11D3-BF4B-00C04F79EFBC}") = "ISTC.ThirdStage.Advance.WorkWithText.Rx01", "ISTC.ThirdStage.Advance.WorkWithText.Rx01\ISTC.ThirdStage.Advance.WorkWithText.Rx01.csproj", "{2C8F202A-829B-4873-8638-05FCC7A1CF84}"
EndProject
Project("{FAE04EC0-301F-11D3-BF4B-00C04F79EFBC}") = "ISTC.ThirdStage.Advance.WorkWithText.Rx02", "ISTC.ThirdStage.Advance.WorkWithText.Rx02\ISTC.ThirdStage.Advance.WorkWithText.Rx02.csproj", "{34B5E0DB-E70B-48FA-99E9-C36E8D794E39}"
EndProject
Project("{FAE04EC0-301F-11D3-BF4B-00C04F79EFBC}") = "ISTC.ThirdStage.Advance.WorkWithText.HTMLAP", "ISTC.ThirdStage.Advance.WorkWithText.HTMLAP\ISTC.ThirdStage.Advance.WorkWithText.HTMLAP.csproj", "{EED7014C-41C2-43E3-896E-5F7EA12836AD}"
EndProject
Project("{FAE04EC0-301F-11D3-BF4B-00C04F79EFBC}") = "ISTC.ThirdStage.Advance.WorkWithText.GetContent", "ISTC.ThirdStage.Advance.WorkWithText.GetContent\ISTC.ThirdStage.Advance.WorkWithText.GetContent.csproj", "{9BF6AE94-0CCB-46B8-9FAD-04111F6376D6}"
EndProject
Project("{2150E333-8FDC-42A3-9474-1A3956D46DE8}") = "ISTC.ThirdStage.Advance.Configs", "ISTC.ThirdStage.Advance.Configs", "{0EC0ED85-3338-4DEC-BF15-E9D6F07CD2F1}"
EndProject
Project("{FAE04EC0-301F-11D3-BF4B-00C04F79EFBC}") = "ISTC.ThirdStage.Advance.Configs.Xml", "ISTC.ThirdStage.Advance.Configs.Xml\ISTC.ThirdStage.Advance.Configs.Xml.csproj", "{4D620E49-003F-4101-95B5-38EF0A3D2ED6}"
EndProject
Project("{FAE04EC0-301F-11D3-BF4B-00C04F79EFBC}") = "ISTC.ThirdStage.Advance.Configs.Json", "ISTC.ThirdStage.Advance.Configs.Json\ISTC.ThirdStage.Advance.Configs.Json.csproj", "{A68D6B28-9DB0-4361-9FA6-2CA74C1CFD66}"
EndProject
Global
	GlobalSection(SolutionConfigurationPlatforms) = preSolution
		Debug|Any CPU = Debug|Any CPU
		Release|Any CPU = Release|Any CPU
	EndGlobalSection
	GlobalSection(ProjectConfigurationPlatforms) = postSolution
		{15F4302F-2A27-4719-B878-81CEFD113081}.Debug|Any CPU.ActiveCfg = Debug|Any CPU
		{15F4302F-2A27-4719-B878-81CEFD113081}.Debug|Any CPU.Build.0 = Debug|Any CPU
		{15F4302F-2A27-4719-B878-81CEFD113081}.Release|Any CPU.ActiveCfg = Release|Any CPU
		{15F4302F-2A27-4719-B878-81CEFD113081}.Release|Any CPU.Build.0 = Release|Any CPU
		{012F4668-2425-42D5-827D-0D595E7A24AE}.Debug|Any CPU.ActiveCfg = Debug|Any CPU
		{012F4668-2425-42D5-827D-0D595E7A24AE}.Debug|Any CPU.Build.0 = Debug|Any CPU
		{012F4668-2425-42D5-827D-0D595E7A24AE}.Release|Any CPU.ActiveCfg = Release|Any CPU
		{012F4668-2425-42D5-827D-0D595E7A24AE}.Release|Any CPU.Build.0 = Release|Any CPU
		{0599999A-842B-43B3-A05C-9678718334EA}.Debug|Any CPU.ActiveCfg = Debug|Any CPU
		{0599999A-842B-43B3-A05C-9678718334EA}.Debug|Any CPU.Build.0 = Debug|Any CPU
		{0599999A-842B-43B3-A05C-9678718334EA}.Release|Any CPU.ActiveCfg = Release|Any CPU
		{0599999A-842B-43B3-A05C-9678718334EA}.Release|Any CPU.Build.0 = Release|Any CPU
		{2B863AFB-2A70-4FD4-BEFD-05BBD237B433}.Debug|Any CPU.ActiveCfg = Debug|Any CPU
		{2B863AFB-2A70-4FD4-BEFD-05BBD237B433}.Debug|Any CPU.Build.0 = Debug|Any CPU
		{2B863AFB-2A70-4FD4-BEFD-05BBD237B433}.Release|Any CPU.ActiveCfg = Release|Any CPU
		{2B863AFB-2A70-4FD4-BEFD-05BBD237B433}.Release|Any CPU.Build.0 = Release|Any CPU
		{DB225F37-6F25-4EB4-9DE4-CDAF6D91F734}.Debug|Any CPU.ActiveCfg = Debug|Any CPU
		{DB225F37-6F25-4EB4-9DE4-CDAF6D91F734}.Debug|Any CPU.Build.0 = Debug|Any CPU
		{DB225F37-6F25-4EB4-9DE4-CDAF6D91F734}.Release|Any CPU.ActiveCfg = Release|Any CPU
		{DB225F37-6F25-4EB4-9DE4-CDAF6D91F734}.Release|Any CPU.Build.0 = Release|Any CPU
		{5DB4898E-5AAB-459F-9EB6-306F1090A6C5}.Debug|Any CPU.ActiveCfg = Debug|Any CPU
		{5DB4898E-5AAB-459F-9EB6-306F1090A6C5}.Debug|Any CPU.Build.0 = Debug|Any CPU
		{5DB4898E-5AAB-459F-9EB6-306F1090A6C5}.Release|Any CPU.ActiveCfg = Release|Any CPU
		{5DB4898E-5AAB-459F-9EB6-306F1090A6C5}.Release|Any CPU.Build.0 = Release|Any CPU
		{0753D3C2-A92A-4C49-ABE9-2B6D801ED179}.Debug|Any CPU.ActiveCfg = Debug|Any CPU
		{0753D3C2-A92A-4C49-ABE9-2B6D801ED179}.Debug|Any CPU.Build.0 = Debug|Any CPU
		{0753D3C2-A92A-4C49-ABE9-2B6D801ED179}.Release|Any CPU.ActiveCfg = Release|Any CPU
		{0753D3C2-A92A-4C49-ABE9-2B6D801ED179}.Release|Any CPU.Build.0 = Release|Any CPU
		{8C5D494B-C896-4F15-8D05-39F8EB7A4504}.Debug|Any CPU.ActiveCfg = Debug|Any CPU
		{8C5D494B-C896-4F15-8D05-39F8EB7A4504}.Debug|Any CPU.Build.0 = Debug|Any CPU
		{8C5D494B-C896-4F15-8D05-39F8EB7A4504}.Release|Any CPU.ActiveCfg = Release|Any CPU
		{8C5D494B-C896-4F15-8D05-39F8EB7A4504}.Release|Any CPU.Build.0 = Release|Any CPU
		{D017AF90-7A13-48A3-B0E7-AA5A43D5A4E5}.Debug|Any CPU.ActiveCfg = Debug|Any CPU
		{D017AF90-7A13-48A3-B0E7-AA5A43D5A4E5}.Debug|Any CPU.Build.0 = Debug|Any CPU
		{D017AF90-7A13-48A3-B0E7-AA5A43D5A4E5}.Release|Any CPU.ActiveCfg = Release|Any CPU
		{D017AF90-7A13-48A3-B0E7-AA5A43D5A4E5}.Release|Any CPU.Build.0 = Release|Any CPU
		{D8BFDC8E-1B3D-4D81-B83F-E61D76A9B413}.Debug|Any CPU.ActiveCfg = Debug|Any CPU
		{D8BFDC8E-1B3D-4D81-B83F-E61D76A9B413}.Debug|Any CPU.Build.0 = Debug|Any CPU
		{D8BFDC8E-1B3D-4D81-B83F-E61D76A9B413}.Release|Any CPU.ActiveCfg = Release|Any CPU
		{D8BFDC8E-1B3D-4D81-B83F-E61D76A9B413}.Release|Any CPU.Build.0 = Release|Any CPU
		{9A1DB339-70A8-4785-AD9F-94DFDBAAEE79}.Debug|Any CPU.ActiveCfg = Debug|Any CPU
		{9A1DB339-70A8-4785-AD9F-94DFDBAAEE79}.Debug|Any CPU.Build.0 = Debug|Any CPU
		{9A1DB339-70A8-4785-AD9F-94DFDBAAEE79}.Release|Any CPU.ActiveCfg = Release|Any CPU
		{9A1DB339-70A8-4785-AD9F-94DFDBAAEE79}.Release|Any CPU.Build.0 = Release|Any CPU
		{15A20568-2EF0-4AC6-9739-A736E086675D}.Debug|Any CPU.ActiveCfg = Debug|Any CPU
		{15A20568-2EF0-4AC6-9739-A736E086675D}.Debug|Any CPU.Build.0 = Debug|Any CPU
		{15A20568-2EF0-4AC6-9739-A736E086675D}.Release|Any CPU.ActiveCfg = Release|Any CPU
		{15A20568-2EF0-4AC6-9739-A736E086675D}.Release|Any CPU.Build.0 = Release|Any CPU
		{2C8F202A-829B-4873-8638-05FCC7A1CF84}.Debug|Any CPU.ActiveCfg = Debug|Any CPU
		{2C8F202A-829B-4873-8638-05FCC7A1CF84}.Debug|Any CPU.Build.0 = Debug|Any CPU
		{2C8F202A-829B-4873-8638-05FCC7A1CF84}.Release|Any CPU.ActiveCfg = Release|Any CPU
		{2C8F202A-829B-4873-8638-05FCC7A1CF84}.Release|Any CPU.Build.0 = Release|Any CPU
		{34B5E0DB-E70B-48FA-99E9-C36E8D794E39}.Debug|Any CPU.ActiveCfg = Debug|Any CPU
		{34B5E0DB-E70B-48FA-99E9-C36E8D794E39}.Debug|Any CPU.Build.0 = Debug|Any CPU
		{34B5E0DB-E70B-48FA-99E9-C36E8D794E39}.Release|Any CPU.ActiveCfg = Release|Any CPU
		{34B5E0DB-E70B-48FA-99E9-C36E8D794E39}.Release|Any CPU.Build.0 = Release|Any CPU
		{EED7014C-41C2-43E3-896E-5F7EA12836AD}.Debug|Any CPU.ActiveCfg = Debug|Any CPU
		{EED7014C-41C2-43E3-896E-5F7EA12836AD}.Debug|Any CPU.Build.0 = Debug|Any CPU
		{EED7014C-41C2-43E3-896E-5F7EA12836AD}.Release|Any CPU.ActiveCfg = Release|Any CPU
		{EED7014C-41C2-43E3-896E-5F7EA12836AD}.Release|Any CPU.Build.0 = Release|Any CPU
		{9BF6AE94-0CCB-46B8-9FAD-04111F6376D6}.Debug|Any CPU.ActiveCfg = Debug|Any CPU
		{9BF6AE94-0CCB-46B8-9FAD-04111F6376D6}.Debug|Any CPU.Build.0 = Debug|Any CPU
		{9BF6AE94-0CCB-46B8-9FAD-04111F6376D6}.Release|Any CPU.ActiveCfg = Release|Any CPU
		{9BF6AE94-0CCB-46B8-9FAD-04111F6376D6}.Release|Any CPU.Build.0 = Release|Any CPU
		{4D620E49-003F-4101-95B5-38EF0A3D2ED6}.Debug|Any CPU.ActiveCfg = Debug|Any CPU
		{4D620E49-003F-4101-95B5-38EF0A3D2ED6}.Debug|Any CPU.Build.0 = Debug|Any CPU
		{4D620E49-003F-4101-95B5-38EF0A3D2ED6}.Release|Any CPU.ActiveCfg = Release|Any CPU
		{4D620E49-003F-4101-95B5-38EF0A3D2ED6}.Release|Any CPU.Build.0 = Release|Any CPU
		{A68D6B28-9DB0-4361-9FA6-2CA74C1CFD66}.Debug|Any CPU.ActiveCfg = Debug|Any CPU
		{A68D6B28-9DB0-4361-9FA6-2CA74C1CFD66}.Debug|Any CPU.Build.0 = Debug|Any CPU
		{A68D6B28-9DB0-4361-9FA6-2CA74C1CFD66}.Release|Any CPU.ActiveCfg = Release|Any CPU
		{A68D6B28-9DB0-4361-9FA6-2CA74C1CFD66}.Release|Any CPU.Build.0 = Release|Any CPU
	EndGlobalSection
	GlobalSection(SolutionProperties) = preSolution
		HideSolutionNode = FALSE
	EndGlobalSection
	GlobalSection(NestedProjects) = preSolution
		{0599999A-842B-43B3-A05C-9678718334EA} = {1912A3E5-2935-4BE3-83B0-49E8587DD64D}
		{2B863AFB-2A70-4FD4-BEFD-05BBD237B433} = {1912A3E5-2935-4BE3-83B0-49E8587DD64D}
		{DB225F37-6F25-4EB4-9DE4-CDAF6D91F734} = {1912A3E5-2935-4BE3-83B0-49E8587DD64D}
		{5DB4898E-5AAB-459F-9EB6-306F1090A6C5} = {1912A3E5-2935-4BE3-83B0-49E8587DD64D}
		{0753D3C2-A92A-4C49-ABE9-2B6D801ED179} = {B4B3E57E-91B5-4F43-B0BE-05068FB5DD0A}
		{8C5D494B-C896-4F15-8D05-39F8EB7A4504} = {B4B3E57E-91B5-4F43-B0BE-05068FB5DD0A}
		{D017AF90-7A13-48A3-B0E7-AA5A43D5A4E5} = {B4B3E57E-91B5-4F43-B0BE-05068FB5DD0A}
		{D8BFDC8E-1B3D-4D81-B83F-E61D76A9B413} = {B4B3E57E-91B5-4F43-B0BE-05068FB5DD0A}
		{9A1DB339-70A8-4785-AD9F-94DFDBAAEE79} = {1912A3E5-2935-4BE3-83B0-49E8587DD64D}
		{15A20568-2EF0-4AC6-9739-A736E086675D} = {EBF8D673-CBD1-48B5-808E-A7741BECC91E}
		{2C8F202A-829B-4873-8638-05FCC7A1CF84} = {EBF8D673-CBD1-48B5-808E-A7741BECC91E}
		{34B5E0DB-E70B-48FA-99E9-C36E8D794E39} = {EBF8D673-CBD1-48B5-808E-A7741BECC91E}
		{EED7014C-41C2-43E3-896E-5F7EA12836AD} = {EBF8D673-CBD1-48B5-808E-A7741BECC91E}
		{9BF6AE94-0CCB-46B8-9FAD-04111F6376D6} = {EBF8D673-CBD1-48B5-808E-A7741BECC91E}
		{4D620E49-003F-4101-95B5-38EF0A3D2ED6} = {0EC0ED85-3338-4DEC-BF15-E9D6F07CD2F1}
		{A68D6B28-9DB0-4361-9FA6-2CA74C1CFD66} = {0EC0ED85-3338-4DEC-BF15-E9D6F07CD2F1}
	EndGlobalSection
	GlobalSection(ExtensibilityGlobals) = postSolution
		SolutionGuid = {3B220622-4D61-4EB4-8B29-0388DA6E3E90}
	EndGlobalSection
EndGlobal
