
Microsoft Visual Studio Solution File, Format Version 12.00
# Visual Studio 15
VisualStudioVersion = 15.0.28307.421
MinimumVisualStudioVersion = 10.0.40219.1
Project("{2150E333-8FDC-42A3-9474-1A3956D46DE8}") = "ISTC.FiveStage.Technology.WPFandService", "ISTC.FiveStage.Technology.WPFandService", "{9E6C71B6-8DF0-4F6B-817F-FA2AC440B16B}"
EndProject
Project("{FAE04EC0-301F-11D3-BF4B-00C04F79EFBC}") = "ISTC.FiveStage.Technology.WPFandService.Service", "ISTC.FiveStage.Technology.WPFandService.Service\ISTC.FiveStage.Technology.WPFandService.Service.csproj", "{27AC27EA-7842-488C-ACFF-2B39125643CD}"
EndProject
Global
	GlobalSection(SolutionConfigurationPlatforms) = preSolution
		Debug|Any CPU = Debug|Any CPU
		Release|Any CPU = Release|Any CPU
	EndGlobalSection
	GlobalSection(ProjectConfigurationPlatforms) = postSolution
		{27AC27EA-7842-488C-ACFF-2B39125643CD}.Debug|Any CPU.ActiveCfg = Debug|Any CPU
		{27AC27EA-7842-488C-ACFF-2B39125643CD}.Debug|Any CPU.Build.0 = Debug|Any CPU
		{27AC27EA-7842-488C-ACFF-2B39125643CD}.Release|Any CPU.ActiveCfg = Release|Any CPU
		{27AC27EA-7842-488C-ACFF-2B39125643CD}.Release|Any CPU.Build.0 = Release|Any CPU
	EndGlobalSection
	GlobalSection(SolutionProperties) = preSolution
		HideSolutionNode = FALSE
	EndGlobalSection
	GlobalSection(NestedProjects) = preSolution
		{27AC27EA-7842-488C-ACFF-2B39125643CD} = {9E6C71B6-8DF0-4F6B-817F-FA2AC440B16B}
	EndGlobalSection
	GlobalSection(ExtensibilityGlobals) = postSolution
		SolutionGuid = {C1DE84E0-1012-4B1B-BF37-394BC0C95866}
	EndGlobalSection
EndGlobal
