
Microsoft Visual Studio Solution File, Format Version 12.00
# Visual Studio 15
VisualStudioVersion = 15.0.28307.421
MinimumVisualStudioVersion = 10.0.40219.1
Project("{2150E333-8FDC-42A3-9474-1A3956D46DE8}") = "ISTC.FiveStage.Technology.WPFandService", "ISTC.FiveStage.Technology.WPFandService", "{9E6C71B6-8DF0-4F6B-817F-FA2AC440B16B}"
EndProject
Project("{FAE04EC0-301F-11D3-BF4B-00C04F79EFBC}") = "ISTC.FiveStage.Technology.WPFandService.Service", "ISTC.FiveStage.Technology.WPFandService.Service\ISTC.FiveStage.Technology.WPFandService.Service.csproj", "{27AC27EA-7842-488C-ACFF-2B39125643CD}"
EndProject
Project("{FAE04EC0-301F-11D3-BF4B-00C04F79EFBC}") = "ISTC.FiveStage.Technology.Wpf", "ISTC.FiveStage.Technology.Wpf\ISTC.FiveStage.Technology.Wpf.csproj", "{5C9D58A2-6067-4A08-9C4D-495FC3188704}"
EndProject
Project("{2150E333-8FDC-42A3-9474-1A3956D46DE8}") = "ISTC.FiveStage.Technology.JumpAspNetCore", "ISTC.FiveStage.Technology.JumpAspNetCore", "{0E0D28FE-0B7F-4880-8157-865FC5C84201}"
EndProject
Project("{9A19103F-16F7-4668-BE54-9A1E7A4F7556}") = "ISTC.FiveStage.Technology.JumpAspNetCore.AspNetCore_01", "ISTC.FiveStage.Technology.JumpAspNetCore.AspNetCore_01\ISTC.FiveStage.Technology.JumpAspNetCore.AspNetCore_01.csproj", "{8E700674-284D-40FD-A4FB-564E1C0F4627}"
EndProject
Project("{9A19103F-16F7-4668-BE54-9A1E7A4F7556}") = "ISTC.FiveStage.Technology.JumpAspNetCore.AspNetCore_02", "ISTC.FiveStage.Technology.JumpAspNetCore.AspNetCore_02\ISTC.FiveStage.Technology.JumpAspNetCore.AspNetCore_02.csproj", "{40557FF2-846A-427B-9993-C6A7BCEED49D}"
EndProject
Project("{9A19103F-16F7-4668-BE54-9A1E7A4F7556}") = "ISTC.FiveStage.Technology.JumpAspNetCore.AspNetCore_03", "ISTC.FiveStage.Technology.JumpAspNetCore.AspNetCore_03\ISTC.FiveStage.Technology.JumpAspNetCore.AspNetCore_03.csproj", "{7F864CA6-BBAA-4601-B63D-B602C6EDF85E}"
EndProject
Project("{9A19103F-16F7-4668-BE54-9A1E7A4F7556}") = "ISTC.FiveStage.Technology.JumpAspNetCore.AspNetCore_04", "ISTC.FiveStage.Technology.JumpAspNetCore.AspNetCore_04\ISTC.FiveStage.Technology.JumpAspNetCore.AspNetCore_04.csproj", "{A31161A1-7448-4A88-8C7A-B516B2874972}"
EndProject
Project("{9A19103F-16F7-4668-BE54-9A1E7A4F7556}") = "ISTC.FiveStage.Technology.JumpAspNetCore.AspNetCore_05", "ISTC.FiveStage.Technology.JumpAspNetCore.AspNetCore_05\ISTC.FiveStage.Technology.JumpAspNetCore.AspNetCore_05.csproj", "{0DA55246-A83B-44F3-B240-6C84712F02DC}"
EndProject
Project("{2150E333-8FDC-42A3-9474-1A3956D46DE8}") = "ISTC.FiveStage.Technology.AspNetCore.Views", "ISTC.FiveStage.Technology.AspNetCore.Views", "{C25DAC97-986A-4408-9640-B3A17E8DC732}"
EndProject
Project("{9A19103F-16F7-4668-BE54-9A1E7A4F7556}") = "ISTC.FiveStage.AspNetCore.Views.Views_01", "ISTC.FiveStage.AspNetCore.Views.Views_01\ISTC.FiveStage.AspNetCore.Views.Views_01.csproj", "{98036AB4-B0BF-401F-A0B4-2F343407CA86}"
EndProject
Project("{9A19103F-16F7-4668-BE54-9A1E7A4F7556}") = "ISTC.FiveStage.AspNetCore.Views.Views_02", "ISTC.FiveStage.AspNetCore.Views.Views_02\ISTC.FiveStage.AspNetCore.Views.Views_02.csproj", "{C7EAB90B-31FA-40A4-84BA-2FC3FB09BD25}"
EndProject
Project("{2150E333-8FDC-42A3-9474-1A3956D46DE8}") = "ISTC.FiveStage.Technology.WebApi", "ISTC.FiveStage.Technology.WebApi", "{6720E8D5-22A1-40F6-B67A-EC473B577F44}"
EndProject
Project("{2150E333-8FDC-42A3-9474-1A3956D46DE8}") = "ISTC.FiveStage.Technology.Midddleware", "ISTC.FiveStage.Technology.Midddleware", "{D11670C5-9FFC-4F03-9685-76E4F8DF98AD}"
EndProject
Project("{9A19103F-16F7-4668-BE54-9A1E7A4F7556}") = "ISTC.FiveStage.Technology.Middleware_01", "ISTC.FiveStage.Technology.Middleware_01\ISTC.FiveStage.Technology.Middleware_01.csproj", "{EE0DA255-0198-412C-84E7-20439C923C60}"
EndProject
Project("{9A19103F-16F7-4668-BE54-9A1E7A4F7556}") = "ISTC.FiveStage.Technology.WebApi.API_01", "ISTC.FiveStage.Technology.WebApi.API_01\ISTC.FiveStage.Technology.WebApi.API_01.csproj", "{01CBD472-65B2-4C2A-B2F3-782680F15279}"
EndProject
Project("{2150E333-8FDC-42A3-9474-1A3956D46DE8}") = "ISTC.FiveStage.Technology.DependencyInjection", "ISTC.FiveStage.Technology.DependencyInjection", "{601B17A0-31A5-4F4A-81C9-5DA78AE14171}"
EndProject
Project("{9A19103F-16F7-4668-BE54-9A1E7A4F7556}") = "ISTC.FiveStage.Technology.DependencyInjection.DI_01", "ISTC.FiveStage.Technology.DependencyInjection.DI_01\ISTC.FiveStage.Technology.DependencyInjection.DI_01.csproj", "{D854CCF5-2D2A-446A-8D6B-8EF1272C9C36}"
EndProject
Project("{9A19103F-16F7-4668-BE54-9A1E7A4F7556}") = "ISTC.FiveStage.Technology.DependencyInjection.DI_02", "ISTC.FiveStage.Technology.DependencyInjection.DI_02\ISTC.FiveStage.Technology.DependencyInjection.DI_02.csproj", "{A447975B-C16F-4A5A-BD2F-8A60F2306F78}"
EndProject
Project("{2150E333-8FDC-42A3-9474-1A3956D46DE8}") = "ISTC.FiveStage.Technology.EFcore", "ISTC.FiveStage.Technology.EFcore", "{99DC6914-38A0-4EB4-9C93-278D29A52639}"
EndProject
Project("{9A19103F-16F7-4668-BE54-9A1E7A4F7556}") = "ISTC.FiveStage.Technology.EFcore.EF_01", "ISTC.FiveStage.Technology.EFcore.EF_01\ISTC.FiveStage.Technology.EFcore.EF_01.csproj", "{053ACAC9-663A-47E9-B78F-A62DD9D1136E}"
EndProject
Project("{2150E333-8FDC-42A3-9474-1A3956D46DE8}") = "ISTC.FiveStage.Technology.Logging", "ISTC.FiveStage.Technology.Logging", "{A6DB656A-B9B6-4E7A-9F02-B473C9794C0E}"
EndProject
Project("{9A19103F-16F7-4668-BE54-9A1E7A4F7556}") = "ISTC.FiveStage.Technology.Logging.Log_01", "ISTC.FiveStage.Technology.Logging.Log_01\ISTC.FiveStage.Technology.Logging.Log_01.csproj", "{555A9202-08EC-4EF3-8B39-E567808825E1}"
EndProject
Project("{FAE04EC0-301F-11D3-BF4B-00C04F79EFBC}") = "ISTC.FiveStage.Technology.Logging.Nlog", "ISTC.FiveStage.Technology.Logging.Nlog\ISTC.FiveStage.Technology.Logging.Nlog.csproj", "{E226A806-B58A-465D-A60A-26B39435CB66}"
EndProject
Project("{2150E333-8FDC-42A3-9474-1A3956D46DE8}") = "ISTC.FiveStage.Technology.AuthenticationAuthorization", "ISTC.FiveStage.Technology.AuthenticationAuthorization", "{9A1059D8-3077-4A47-AB95-FC0EF86B288A}"
EndProject
Project("{FAE04EC0-301F-11D3-BF4B-00C04F79EFBC}") = "ISTC.FiveStage.Technology.AA.AA_01", "ISTC.FiveStage.Technology.AA.AA_01\ISTC.FiveStage.Technology.AA.AA_01.csproj", "{961E517F-6F1E-4DC8-851C-1D4A685FA3DB}"
EndProject
Project("{FAE04EC0-301F-11D3-BF4B-00C04F79EFBC}") = "ISTC.FiveStage.Technology.AA.AA_02", "ISTC.FiveStage.Technology.AA.AA_02\ISTC.FiveStage.Technology.AA.AA_02.csproj", "{87F44678-3C6A-424D-B420-620DD6BBFBA4}"
EndProject
Global
	GlobalSection(SolutionConfigurationPlatforms) = preSolution
		Debug|Any CPU = Debug|Any CPU
		Release|Any CPU = Release|Any CPU
	EndGlobalSection
	GlobalSection(ProjectConfigurationPlatforms) = postSolution
		{27AC27EA-7842-488C-ACFF-2B39125643CD}.Debug|Any CPU.ActiveCfg = Debug|Any CPU
		{27AC27EA-7842-488C-ACFF-2B39125643CD}.Debug|Any CPU.Build.0 = Debug|Any CPU
		{27AC27EA-7842-488C-ACFF-2B39125643CD}.Release|Any CPU.ActiveCfg = Release|Any CPU
		{27AC27EA-7842-488C-ACFF-2B39125643CD}.Release|Any CPU.Build.0 = Release|Any CPU
		{5C9D58A2-6067-4A08-9C4D-495FC3188704}.Debug|Any CPU.ActiveCfg = Debug|Any CPU
		{5C9D58A2-6067-4A08-9C4D-495FC3188704}.Debug|Any CPU.Build.0 = Debug|Any CPU
		{5C9D58A2-6067-4A08-9C4D-495FC3188704}.Release|Any CPU.ActiveCfg = Release|Any CPU
		{5C9D58A2-6067-4A08-9C4D-495FC3188704}.Release|Any CPU.Build.0 = Release|Any CPU
		{8E700674-284D-40FD-A4FB-564E1C0F4627}.Debug|Any CPU.ActiveCfg = Debug|Any CPU
		{8E700674-284D-40FD-A4FB-564E1C0F4627}.Debug|Any CPU.Build.0 = Debug|Any CPU
		{8E700674-284D-40FD-A4FB-564E1C0F4627}.Release|Any CPU.ActiveCfg = Release|Any CPU
		{8E700674-284D-40FD-A4FB-564E1C0F4627}.Release|Any CPU.Build.0 = Release|Any CPU
		{40557FF2-846A-427B-9993-C6A7BCEED49D}.Debug|Any CPU.ActiveCfg = Debug|Any CPU
		{40557FF2-846A-427B-9993-C6A7BCEED49D}.Debug|Any CPU.Build.0 = Debug|Any CPU
		{40557FF2-846A-427B-9993-C6A7BCEED49D}.Release|Any CPU.ActiveCfg = Release|Any CPU
		{40557FF2-846A-427B-9993-C6A7BCEED49D}.Release|Any CPU.Build.0 = Release|Any CPU
		{7F864CA6-BBAA-4601-B63D-B602C6EDF85E}.Debug|Any CPU.ActiveCfg = Debug|Any CPU
		{7F864CA6-BBAA-4601-B63D-B602C6EDF85E}.Debug|Any CPU.Build.0 = Debug|Any CPU
		{7F864CA6-BBAA-4601-B63D-B602C6EDF85E}.Release|Any CPU.ActiveCfg = Release|Any CPU
		{7F864CA6-BBAA-4601-B63D-B602C6EDF85E}.Release|Any CPU.Build.0 = Release|Any CPU
		{A31161A1-7448-4A88-8C7A-B516B2874972}.Debug|Any CPU.ActiveCfg = Debug|Any CPU
		{A31161A1-7448-4A88-8C7A-B516B2874972}.Debug|Any CPU.Build.0 = Debug|Any CPU
		{A31161A1-7448-4A88-8C7A-B516B2874972}.Release|Any CPU.ActiveCfg = Release|Any CPU
		{A31161A1-7448-4A88-8C7A-B516B2874972}.Release|Any CPU.Build.0 = Release|Any CPU
		{0DA55246-A83B-44F3-B240-6C84712F02DC}.Debug|Any CPU.ActiveCfg = Debug|Any CPU
		{0DA55246-A83B-44F3-B240-6C84712F02DC}.Debug|Any CPU.Build.0 = Debug|Any CPU
		{0DA55246-A83B-44F3-B240-6C84712F02DC}.Release|Any CPU.ActiveCfg = Release|Any CPU
		{0DA55246-A83B-44F3-B240-6C84712F02DC}.Release|Any CPU.Build.0 = Release|Any CPU
		{98036AB4-B0BF-401F-A0B4-2F343407CA86}.Debug|Any CPU.ActiveCfg = Debug|Any CPU
		{98036AB4-B0BF-401F-A0B4-2F343407CA86}.Debug|Any CPU.Build.0 = Debug|Any CPU
		{98036AB4-B0BF-401F-A0B4-2F343407CA86}.Release|Any CPU.ActiveCfg = Release|Any CPU
		{98036AB4-B0BF-401F-A0B4-2F343407CA86}.Release|Any CPU.Build.0 = Release|Any CPU
		{C7EAB90B-31FA-40A4-84BA-2FC3FB09BD25}.Debug|Any CPU.ActiveCfg = Debug|Any CPU
		{C7EAB90B-31FA-40A4-84BA-2FC3FB09BD25}.Debug|Any CPU.Build.0 = Debug|Any CPU
		{C7EAB90B-31FA-40A4-84BA-2FC3FB09BD25}.Release|Any CPU.ActiveCfg = Release|Any CPU
		{C7EAB90B-31FA-40A4-84BA-2FC3FB09BD25}.Release|Any CPU.Build.0 = Release|Any CPU
		{EE0DA255-0198-412C-84E7-20439C923C60}.Debug|Any CPU.ActiveCfg = Debug|Any CPU
		{EE0DA255-0198-412C-84E7-20439C923C60}.Debug|Any CPU.Build.0 = Debug|Any CPU
		{EE0DA255-0198-412C-84E7-20439C923C60}.Release|Any CPU.ActiveCfg = Release|Any CPU
		{EE0DA255-0198-412C-84E7-20439C923C60}.Release|Any CPU.Build.0 = Release|Any CPU
		{01CBD472-65B2-4C2A-B2F3-782680F15279}.Debug|Any CPU.ActiveCfg = Debug|Any CPU
		{01CBD472-65B2-4C2A-B2F3-782680F15279}.Debug|Any CPU.Build.0 = Debug|Any CPU
		{01CBD472-65B2-4C2A-B2F3-782680F15279}.Release|Any CPU.ActiveCfg = Release|Any CPU
		{01CBD472-65B2-4C2A-B2F3-782680F15279}.Release|Any CPU.Build.0 = Release|Any CPU
		{D854CCF5-2D2A-446A-8D6B-8EF1272C9C36}.Debug|Any CPU.ActiveCfg = Debug|Any CPU
		{D854CCF5-2D2A-446A-8D6B-8EF1272C9C36}.Debug|Any CPU.Build.0 = Debug|Any CPU
		{D854CCF5-2D2A-446A-8D6B-8EF1272C9C36}.Release|Any CPU.ActiveCfg = Release|Any CPU
		{D854CCF5-2D2A-446A-8D6B-8EF1272C9C36}.Release|Any CPU.Build.0 = Release|Any CPU
		{A447975B-C16F-4A5A-BD2F-8A60F2306F78}.Debug|Any CPU.ActiveCfg = Debug|Any CPU
		{A447975B-C16F-4A5A-BD2F-8A60F2306F78}.Debug|Any CPU.Build.0 = Debug|Any CPU
		{A447975B-C16F-4A5A-BD2F-8A60F2306F78}.Release|Any CPU.ActiveCfg = Release|Any CPU
		{A447975B-C16F-4A5A-BD2F-8A60F2306F78}.Release|Any CPU.Build.0 = Release|Any CPU
		{053ACAC9-663A-47E9-B78F-A62DD9D1136E}.Debug|Any CPU.ActiveCfg = Debug|Any CPU
		{053ACAC9-663A-47E9-B78F-A62DD9D1136E}.Debug|Any CPU.Build.0 = Debug|Any CPU
		{053ACAC9-663A-47E9-B78F-A62DD9D1136E}.Release|Any CPU.ActiveCfg = Release|Any CPU
		{053ACAC9-663A-47E9-B78F-A62DD9D1136E}.Release|Any CPU.Build.0 = Release|Any CPU
		{555A9202-08EC-4EF3-8B39-E567808825E1}.Debug|Any CPU.ActiveCfg = Debug|Any CPU
		{555A9202-08EC-4EF3-8B39-E567808825E1}.Debug|Any CPU.Build.0 = Debug|Any CPU
		{555A9202-08EC-4EF3-8B39-E567808825E1}.Release|Any CPU.ActiveCfg = Release|Any CPU
		{555A9202-08EC-4EF3-8B39-E567808825E1}.Release|Any CPU.Build.0 = Release|Any CPU
		{E226A806-B58A-465D-A60A-26B39435CB66}.Debug|Any CPU.ActiveCfg = Debug|Any CPU
		{E226A806-B58A-465D-A60A-26B39435CB66}.Debug|Any CPU.Build.0 = Debug|Any CPU
		{E226A806-B58A-465D-A60A-26B39435CB66}.Release|Any CPU.ActiveCfg = Release|Any CPU
		{E226A806-B58A-465D-A60A-26B39435CB66}.Release|Any CPU.Build.0 = Release|Any CPU
		{961E517F-6F1E-4DC8-851C-1D4A685FA3DB}.Debug|Any CPU.ActiveCfg = Debug|Any CPU
		{961E517F-6F1E-4DC8-851C-1D4A685FA3DB}.Debug|Any CPU.Build.0 = Debug|Any CPU
		{961E517F-6F1E-4DC8-851C-1D4A685FA3DB}.Release|Any CPU.ActiveCfg = Release|Any CPU
		{961E517F-6F1E-4DC8-851C-1D4A685FA3DB}.Release|Any CPU.Build.0 = Release|Any CPU
		{87F44678-3C6A-424D-B420-620DD6BBFBA4}.Debug|Any CPU.ActiveCfg = Debug|Any CPU
		{87F44678-3C6A-424D-B420-620DD6BBFBA4}.Debug|Any CPU.Build.0 = Debug|Any CPU
		{87F44678-3C6A-424D-B420-620DD6BBFBA4}.Release|Any CPU.ActiveCfg = Release|Any CPU
		{87F44678-3C6A-424D-B420-620DD6BBFBA4}.Release|Any CPU.Build.0 = Release|Any CPU
	EndGlobalSection
	GlobalSection(SolutionProperties) = preSolution
		HideSolutionNode = FALSE
	EndGlobalSection
	GlobalSection(NestedProjects) = preSolution
		{27AC27EA-7842-488C-ACFF-2B39125643CD} = {9E6C71B6-8DF0-4F6B-817F-FA2AC440B16B}
		{5C9D58A2-6067-4A08-9C4D-495FC3188704} = {9E6C71B6-8DF0-4F6B-817F-FA2AC440B16B}
		{8E700674-284D-40FD-A4FB-564E1C0F4627} = {0E0D28FE-0B7F-4880-8157-865FC5C84201}
		{40557FF2-846A-427B-9993-C6A7BCEED49D} = {0E0D28FE-0B7F-4880-8157-865FC5C84201}
		{7F864CA6-BBAA-4601-B63D-B602C6EDF85E} = {0E0D28FE-0B7F-4880-8157-865FC5C84201}
		{A31161A1-7448-4A88-8C7A-B516B2874972} = {0E0D28FE-0B7F-4880-8157-865FC5C84201}
		{0DA55246-A83B-44F3-B240-6C84712F02DC} = {0E0D28FE-0B7F-4880-8157-865FC5C84201}
		{98036AB4-B0BF-401F-A0B4-2F343407CA86} = {C25DAC97-986A-4408-9640-B3A17E8DC732}
		{C7EAB90B-31FA-40A4-84BA-2FC3FB09BD25} = {C25DAC97-986A-4408-9640-B3A17E8DC732}
		{EE0DA255-0198-412C-84E7-20439C923C60} = {D11670C5-9FFC-4F03-9685-76E4F8DF98AD}
		{01CBD472-65B2-4C2A-B2F3-782680F15279} = {6720E8D5-22A1-40F6-B67A-EC473B577F44}
		{D854CCF5-2D2A-446A-8D6B-8EF1272C9C36} = {601B17A0-31A5-4F4A-81C9-5DA78AE14171}
		{A447975B-C16F-4A5A-BD2F-8A60F2306F78} = {601B17A0-31A5-4F4A-81C9-5DA78AE14171}
		{053ACAC9-663A-47E9-B78F-A62DD9D1136E} = {99DC6914-38A0-4EB4-9C93-278D29A52639}
		{555A9202-08EC-4EF3-8B39-E567808825E1} = {A6DB656A-B9B6-4E7A-9F02-B473C9794C0E}
		{E226A806-B58A-465D-A60A-26B39435CB66} = {A6DB656A-B9B6-4E7A-9F02-B473C9794C0E}
		{961E517F-6F1E-4DC8-851C-1D4A685FA3DB} = {9A1059D8-3077-4A47-AB95-FC0EF86B288A}
		{87F44678-3C6A-424D-B420-620DD6BBFBA4} = {9A1059D8-3077-4A47-AB95-FC0EF86B288A}
	EndGlobalSection
	GlobalSection(ExtensibilityGlobals) = postSolution
		SolutionGuid = {C1DE84E0-1012-4B1B-BF37-394BC0C95866}
	EndGlobalSection
EndGlobal
