
Microsoft Visual Studio Solution File, Format Version 12.00
# Visual Studio 15
VisualStudioVersion = 15.0.28010.2048
MinimumVisualStudioVersion = 10.0.40219.1
Project("{FAE04EC0-301F-11D3-BF4B-00C04F79EFBC}") = "ClassObjectInstance", "ClassObjectInstance\ClassObjectInstance.csproj", "{563AFF12-BBCA-4DC8-92B1-72A830DC7F0B}"
EndProject
Project("{FAE04EC0-301F-11D3-BF4B-00C04F79EFBC}") = "Encapsulation", "Encapsulation\Encapsulation.csproj", "{123A42FC-7729-4663-A79C-C495381CC411}"
EndProject
Project("{FAE04EC0-301F-11D3-BF4B-00C04F79EFBC}") = "Encapsulation2", "Encapsulation2\Encapsulation2.csproj", "{3A4779FD-3A0A-4EBF-BD81-94E616002339}"
EndProject
Project("{FAE04EC0-301F-11D3-BF4B-00C04F79EFBC}") = "Inheritance", "Inheritance\Inheritance.csproj", "{0B3C6EA9-645D-4801-8A24-A7F5B929625F}"
EndProject
Project("{FAE04EC0-301F-11D3-BF4B-00C04F79EFBC}") = "Polymorphism", "Polymorphism\Polymorphism.csproj", "{3D322ABC-8368-47DE-BEA7-A227C024BD4E}"
EndProject
Project("{FAE04EC0-301F-11D3-BF4B-00C04F79EFBC}") = "Constructors3", "Constructors3\Constructors3.csproj", "{08D22263-C087-4BC7-9869-C6376DF52D1C}"
EndProject
Project("{FAE04EC0-301F-11D3-BF4B-00C04F79EFBC}") = "ClassLibraryInternal", "ClassLibraryInternal\ClassLibraryInternal.csproj", "{E4F666FF-CCAA-431D-9857-A8F06728E09D}"
EndProject
Project("{FAE04EC0-301F-11D3-BF4B-00C04F79EFBC}") = "Constructors", "Constructors\Constructors.csproj", "{E3DDF076-9AD2-487B-AD91-90409202C939}"
EndProject
Project("{FAE04EC0-301F-11D3-BF4B-00C04F79EFBC}") = "Abstraction", "Abstraction\Abstraction.csproj", "{9C0161C0-3B3A-46BB-BAC3-5C05C0305572}"
EndProject
Project("{FAE04EC0-301F-11D3-BF4B-00C04F79EFBC}") = "Interface", "Interface\Interface.csproj", "{F0EEA7F3-26B3-41E1-83BD-5B5231086D23}"
EndProject
Global
	GlobalSection(SolutionConfigurationPlatforms) = preSolution
		Debug|Any CPU = Debug|Any CPU
		Release|Any CPU = Release|Any CPU
	EndGlobalSection
	GlobalSection(ProjectConfigurationPlatforms) = postSolution
		{563AFF12-BBCA-4DC8-92B1-72A830DC7F0B}.Debug|Any CPU.ActiveCfg = Debug|Any CPU
		{563AFF12-BBCA-4DC8-92B1-72A830DC7F0B}.Debug|Any CPU.Build.0 = Debug|Any CPU
		{563AFF12-BBCA-4DC8-92B1-72A830DC7F0B}.Release|Any CPU.ActiveCfg = Release|Any CPU
		{563AFF12-BBCA-4DC8-92B1-72A830DC7F0B}.Release|Any CPU.Build.0 = Release|Any CPU
		{123A42FC-7729-4663-A79C-C495381CC411}.Debug|Any CPU.ActiveCfg = Debug|Any CPU
		{123A42FC-7729-4663-A79C-C495381CC411}.Debug|Any CPU.Build.0 = Debug|Any CPU
		{123A42FC-7729-4663-A79C-C495381CC411}.Release|Any CPU.ActiveCfg = Release|Any CPU
		{123A42FC-7729-4663-A79C-C495381CC411}.Release|Any CPU.Build.0 = Release|Any CPU
		{3A4779FD-3A0A-4EBF-BD81-94E616002339}.Debug|Any CPU.ActiveCfg = Debug|Any CPU
		{3A4779FD-3A0A-4EBF-BD81-94E616002339}.Debug|Any CPU.Build.0 = Debug|Any CPU
		{3A4779FD-3A0A-4EBF-BD81-94E616002339}.Release|Any CPU.ActiveCfg = Release|Any CPU
		{3A4779FD-3A0A-4EBF-BD81-94E616002339}.Release|Any CPU.Build.0 = Release|Any CPU
		{0B3C6EA9-645D-4801-8A24-A7F5B929625F}.Debug|Any CPU.ActiveCfg = Debug|Any CPU
		{0B3C6EA9-645D-4801-8A24-A7F5B929625F}.Debug|Any CPU.Build.0 = Debug|Any CPU
		{0B3C6EA9-645D-4801-8A24-A7F5B929625F}.Release|Any CPU.ActiveCfg = Release|Any CPU
		{0B3C6EA9-645D-4801-8A24-A7F5B929625F}.Release|Any CPU.Build.0 = Release|Any CPU
		{3D322ABC-8368-47DE-BEA7-A227C024BD4E}.Debug|Any CPU.ActiveCfg = Debug|Any CPU
		{3D322ABC-8368-47DE-BEA7-A227C024BD4E}.Debug|Any CPU.Build.0 = Debug|Any CPU
		{3D322ABC-8368-47DE-BEA7-A227C024BD4E}.Release|Any CPU.ActiveCfg = Release|Any CPU
		{3D322ABC-8368-47DE-BEA7-A227C024BD4E}.Release|Any CPU.Build.0 = Release|Any CPU
		{08D22263-C087-4BC7-9869-C6376DF52D1C}.Debug|Any CPU.ActiveCfg = Debug|Any CPU
		{08D22263-C087-4BC7-9869-C6376DF52D1C}.Debug|Any CPU.Build.0 = Debug|Any CPU
		{08D22263-C087-4BC7-9869-C6376DF52D1C}.Release|Any CPU.ActiveCfg = Release|Any CPU
		{08D22263-C087-4BC7-9869-C6376DF52D1C}.Release|Any CPU.Build.0 = Release|Any CPU
		{E4F666FF-CCAA-431D-9857-A8F06728E09D}.Debug|Any CPU.ActiveCfg = Debug|Any CPU
		{E4F666FF-CCAA-431D-9857-A8F06728E09D}.Debug|Any CPU.Build.0 = Debug|Any CPU
		{E4F666FF-CCAA-431D-9857-A8F06728E09D}.Release|Any CPU.ActiveCfg = Release|Any CPU
		{E4F666FF-CCAA-431D-9857-A8F06728E09D}.Release|Any CPU.Build.0 = Release|Any CPU
		{E3DDF076-9AD2-487B-AD91-90409202C939}.Debug|Any CPU.ActiveCfg = Debug|Any CPU
		{E3DDF076-9AD2-487B-AD91-90409202C939}.Debug|Any CPU.Build.0 = Debug|Any CPU
		{E3DDF076-9AD2-487B-AD91-90409202C939}.Release|Any CPU.ActiveCfg = Release|Any CPU
		{E3DDF076-9AD2-487B-AD91-90409202C939}.Release|Any CPU.Build.0 = Release|Any CPU
		{9C0161C0-3B3A-46BB-BAC3-5C05C0305572}.Debug|Any CPU.ActiveCfg = Debug|Any CPU
		{9C0161C0-3B3A-46BB-BAC3-5C05C0305572}.Debug|Any CPU.Build.0 = Debug|Any CPU
		{9C0161C0-3B3A-46BB-BAC3-5C05C0305572}.Release|Any CPU.ActiveCfg = Release|Any CPU
		{9C0161C0-3B3A-46BB-BAC3-5C05C0305572}.Release|Any CPU.Build.0 = Release|Any CPU
		{F0EEA7F3-26B3-41E1-83BD-5B5231086D23}.Debug|Any CPU.ActiveCfg = Debug|Any CPU
		{F0EEA7F3-26B3-41E1-83BD-5B5231086D23}.Debug|Any CPU.Build.0 = Debug|Any CPU
		{F0EEA7F3-26B3-41E1-83BD-5B5231086D23}.Release|Any CPU.ActiveCfg = Release|Any CPU
		{F0EEA7F3-26B3-41E1-83BD-5B5231086D23}.Release|Any CPU.Build.0 = Release|Any CPU
	EndGlobalSection
	GlobalSection(SolutionProperties) = preSolution
		HideSolutionNode = FALSE
	EndGlobalSection
	GlobalSection(ExtensibilityGlobals) = postSolution
		SolutionGuid = {4767343E-D751-4BE0-BB83-AB27452B2639}
	EndGlobalSection
EndGlobal
