
Microsoft Visual Studio Solution File, Format Version 12.00
# Visual Studio 15
VisualStudioVersion = 15.0.28307.329
MinimumVisualStudioVersion = 10.0.40219.1
Project("{2150E333-8FDC-42A3-9474-1A3956D46DE8}") = "Getting Started With SQL", "Getting Started With SQL", "{C54A4CAF-4A7E-44B6-AD6A-242E0E1D808D}"
	ProjectSection(SolutionItems) = preProject
		Getting Started With SQL.DataTypes.sql = Getting Started With SQL.DataTypes.sql
	EndProjectSection
EndProject
Project("{00D1A9C2-B5F0-4AF3-8072-F6C62B433612}") = "Getting Started With SQL.DataTypes", "Getting Started With SQL.DataTypes\Getting Started With SQL.DataTypes.sqlproj", "{83CA909C-B96C-40A9-A971-663A50B115A3}"
EndProject
Global
	GlobalSection(SolutionConfigurationPlatforms) = preSolution
		Debug|Any CPU = Debug|Any CPU
		Release|Any CPU = Release|Any CPU
	EndGlobalSection
	GlobalSection(ProjectConfigurationPlatforms) = postSolution
		{83CA909C-B96C-40A9-A971-663A50B115A3}.Debug|Any CPU.ActiveCfg = Debug|Any CPU
		{83CA909C-B96C-40A9-A971-663A50B115A3}.Debug|Any CPU.Build.0 = Debug|Any CPU
		{83CA909C-B96C-40A9-A971-663A50B115A3}.Debug|Any CPU.Deploy.0 = Debug|Any CPU
		{83CA909C-B96C-40A9-A971-663A50B115A3}.Release|Any CPU.ActiveCfg = Release|Any CPU
		{83CA909C-B96C-40A9-A971-663A50B115A3}.Release|Any CPU.Build.0 = Release|Any CPU
		{83CA909C-B96C-40A9-A971-663A50B115A3}.Release|Any CPU.Deploy.0 = Release|Any CPU
	EndGlobalSection
	GlobalSection(SolutionProperties) = preSolution
		HideSolutionNode = FALSE
	EndGlobalSection
	GlobalSection(NestedProjects) = preSolution
		{83CA909C-B96C-40A9-A971-663A50B115A3} = {C54A4CAF-4A7E-44B6-AD6A-242E0E1D808D}
	EndGlobalSection
	GlobalSection(ExtensibilityGlobals) = postSolution
		SolutionGuid = {66F13108-ED0B-4C74-90FA-17E8BC260426}
	EndGlobalSection
EndGlobal
