
Microsoft Visual Studio Solution File, Format Version 12.00
# Visual Studio 15
VisualStudioVersion = 15.0.28307.329
MinimumVisualStudioVersion = 10.0.40219.1
Project("{2150E333-8FDC-42A3-9474-1A3956D46DE8}") = "Getting Started With SQL", "Getting Started With SQL", "{C54A4CAF-4A7E-44B6-AD6A-242E0E1D808D}"
EndProject
Project("{00D1A9C2-B5F0-4AF3-8072-F6C62B433612}") = "Getting Started With SQL.DataTypes", "Getting Started With SQL.DataTypes\Getting Started With SQL.DataTypes.sqlproj", "{83CA909C-B96C-40A9-A971-663A50B115A3}"
EndProject
Project("{2150E333-8FDC-42A3-9474-1A3956D46DE8}") = "ISTC.FourthStage.Database.ADO_NET", "ISTC.FourthStage.Database.ADO_NET", "{6CA4C579-EAA7-4735-A13F-55021FC4BE2D}"
EndProject
Project("{FAE04EC0-301F-11D3-BF4B-00C04F79EFBC}") = "ISTC.FourthStage.Database.ADO_NET.ADO_NET_01", "ISTC.FourthStage.Database.ADO_NET.ADO_NET_01\ISTC.FourthStage.Database.ADO_NET.ADO_NET_01.csproj", "{83535561-7C89-44B9-9EF6-D1249CC77AA3}"
EndProject
Project("{FAE04EC0-301F-11D3-BF4B-00C04F79EFBC}") = "ISTC.FourthStage.Database.ADO_NET.ADO_NET_02", "ISTC.FourthStage.Database.ADO_NET.ADO_NET_02\ISTC.FourthStage.Database.ADO_NET.ADO_NET_02.csproj", "{97D66517-87C3-4CA3-B836-55E8402B9D53}"
EndProject
Project("{2150E333-8FDC-42A3-9474-1A3956D46DE8}") = "ISTC.FourthStage.Database.EF", "ISTC.FourthStage.Database.EF", "{3DB2A018-D42B-484A-B1DD-D757D6C918FB}"
EndProject
Project("{FAE04EC0-301F-11D3-BF4B-00C04F79EFBC}") = "ISTC.FourthStage.Database.EF.CodeFirst", "ISTC.FourthStage.Database.EF.CodeFirst\ISTC.FourthStage.Database.EF.CodeFirst.csproj", "{2450A1BF-8CC9-4AE0-9062-7C9A971FF204}"
EndProject
Project("{FAE04EC0-301F-11D3-BF4B-00C04F79EFBC}") = "ISTC.FourthStage.Database.EF.ModelFirst", "ISTC.FourthStage.Database.EF.ModelFirst\ISTC.FourthStage.Database.EF.ModelFirst.csproj", "{EDACC3CB-3B3C-4156-B675-D228CF4D1D3E}"
EndProject
Project("{FAE04EC0-301F-11D3-BF4B-00C04F79EFBC}") = "ISTC.FourthStage.Database.EF.DatabaseFirst", "ISTC.FourthStage.Database.EF.DatabaseFirst\ISTC.FourthStage.Database.EF.DatabaseFirst.csproj", "{B66EB724-F4F4-470D-8DBC-6E8490DF4667}"
EndProject
Project("{2150E333-8FDC-42A3-9474-1A3956D46DE8}") = "ISTC.FourthStage.Database.Bindings", "ISTC.FourthStage.Database.Bindings", "{A8FE3F13-2A55-4230-8483-43963F544F5D}"
EndProject
Project("{FAE04EC0-301F-11D3-BF4B-00C04F79EFBC}") = "ISTC.FourthStage.Database.Bindings.Bindings_01", "ISTC.FourthStage.Database.Bindings.Bindings_01\ISTC.FourthStage.Database.Bindings.Bindings_01.csproj", "{808B8271-2CE0-459E-8B5E-6834107A4F1B}"
EndProject
Global
	GlobalSection(SolutionConfigurationPlatforms) = preSolution
		Debug|Any CPU = Debug|Any CPU
		Release|Any CPU = Release|Any CPU
	EndGlobalSection
	GlobalSection(ProjectConfigurationPlatforms) = postSolution
		{83CA909C-B96C-40A9-A971-663A50B115A3}.Debug|Any CPU.ActiveCfg = Debug|Any CPU
		{83CA909C-B96C-40A9-A971-663A50B115A3}.Debug|Any CPU.Build.0 = Debug|Any CPU
		{83CA909C-B96C-40A9-A971-663A50B115A3}.Debug|Any CPU.Deploy.0 = Debug|Any CPU
		{83CA909C-B96C-40A9-A971-663A50B115A3}.Release|Any CPU.ActiveCfg = Release|Any CPU
		{83CA909C-B96C-40A9-A971-663A50B115A3}.Release|Any CPU.Build.0 = Release|Any CPU
		{83CA909C-B96C-40A9-A971-663A50B115A3}.Release|Any CPU.Deploy.0 = Release|Any CPU
		{83535561-7C89-44B9-9EF6-D1249CC77AA3}.Debug|Any CPU.ActiveCfg = Debug|Any CPU
		{83535561-7C89-44B9-9EF6-D1249CC77AA3}.Debug|Any CPU.Build.0 = Debug|Any CPU
		{83535561-7C89-44B9-9EF6-D1249CC77AA3}.Release|Any CPU.ActiveCfg = Release|Any CPU
		{83535561-7C89-44B9-9EF6-D1249CC77AA3}.Release|Any CPU.Build.0 = Release|Any CPU
		{97D66517-87C3-4CA3-B836-55E8402B9D53}.Debug|Any CPU.ActiveCfg = Debug|Any CPU
		{97D66517-87C3-4CA3-B836-55E8402B9D53}.Debug|Any CPU.Build.0 = Debug|Any CPU
		{97D66517-87C3-4CA3-B836-55E8402B9D53}.Release|Any CPU.ActiveCfg = Release|Any CPU
		{97D66517-87C3-4CA3-B836-55E8402B9D53}.Release|Any CPU.Build.0 = Release|Any CPU
		{2450A1BF-8CC9-4AE0-9062-7C9A971FF204}.Debug|Any CPU.ActiveCfg = Debug|Any CPU
		{2450A1BF-8CC9-4AE0-9062-7C9A971FF204}.Debug|Any CPU.Build.0 = Debug|Any CPU
		{2450A1BF-8CC9-4AE0-9062-7C9A971FF204}.Release|Any CPU.ActiveCfg = Release|Any CPU
		{2450A1BF-8CC9-4AE0-9062-7C9A971FF204}.Release|Any CPU.Build.0 = Release|Any CPU
		{EDACC3CB-3B3C-4156-B675-D228CF4D1D3E}.Debug|Any CPU.ActiveCfg = Debug|Any CPU
		{EDACC3CB-3B3C-4156-B675-D228CF4D1D3E}.Debug|Any CPU.Build.0 = Debug|Any CPU
		{EDACC3CB-3B3C-4156-B675-D228CF4D1D3E}.Release|Any CPU.ActiveCfg = Release|Any CPU
		{EDACC3CB-3B3C-4156-B675-D228CF4D1D3E}.Release|Any CPU.Build.0 = Release|Any CPU
		{B66EB724-F4F4-470D-8DBC-6E8490DF4667}.Debug|Any CPU.ActiveCfg = Debug|Any CPU
		{B66EB724-F4F4-470D-8DBC-6E8490DF4667}.Debug|Any CPU.Build.0 = Debug|Any CPU
		{B66EB724-F4F4-470D-8DBC-6E8490DF4667}.Release|Any CPU.ActiveCfg = Release|Any CPU
		{B66EB724-F4F4-470D-8DBC-6E8490DF4667}.Release|Any CPU.Build.0 = Release|Any CPU
		{808B8271-2CE0-459E-8B5E-6834107A4F1B}.Debug|Any CPU.ActiveCfg = Debug|Any CPU
		{808B8271-2CE0-459E-8B5E-6834107A4F1B}.Debug|Any CPU.Build.0 = Debug|Any CPU
		{808B8271-2CE0-459E-8B5E-6834107A4F1B}.Release|Any CPU.ActiveCfg = Release|Any CPU
		{808B8271-2CE0-459E-8B5E-6834107A4F1B}.Release|Any CPU.Build.0 = Release|Any CPU
	EndGlobalSection
	GlobalSection(SolutionProperties) = preSolution
		HideSolutionNode = FALSE
	EndGlobalSection
	GlobalSection(NestedProjects) = preSolution
		{83CA909C-B96C-40A9-A971-663A50B115A3} = {C54A4CAF-4A7E-44B6-AD6A-242E0E1D808D}
		{83535561-7C89-44B9-9EF6-D1249CC77AA3} = {6CA4C579-EAA7-4735-A13F-55021FC4BE2D}
		{97D66517-87C3-4CA3-B836-55E8402B9D53} = {6CA4C579-EAA7-4735-A13F-55021FC4BE2D}
		{2450A1BF-8CC9-4AE0-9062-7C9A971FF204} = {3DB2A018-D42B-484A-B1DD-D757D6C918FB}
		{EDACC3CB-3B3C-4156-B675-D228CF4D1D3E} = {3DB2A018-D42B-484A-B1DD-D757D6C918FB}
		{B66EB724-F4F4-470D-8DBC-6E8490DF4667} = {3DB2A018-D42B-484A-B1DD-D757D6C918FB}
		{808B8271-2CE0-459E-8B5E-6834107A4F1B} = {A8FE3F13-2A55-4230-8483-43963F544F5D}
	EndGlobalSection
	GlobalSection(ExtensibilityGlobals) = postSolution
		SolutionGuid = {66F13108-ED0B-4C74-90FA-17E8BC260426}
	EndGlobalSection
EndGlobal
